// !$*UTF8*$!
{
	archiveVersion = 1;
	classes = {
	};
	objectVersion = 42;
	objects = {

/* Begin PBXBuildFile section */
		5151EB70111F4A4100207260 /* Argos.cpp in Sources */ = {isa = PBXBuildFile; fileRef = 5151EB37111F4A4000207260 /* Argos.cpp */; };
		5151EB71111F4A4100207260 /* main.cpp in Sources */ = {isa = PBXBuildFile; fileRef = 5151EB39111F4A4000207260 /* main.cpp */; };
		5151EB72111F4A4100207260 /* OSCHandler.cpp in Sources */ = {isa = PBXBuildFile; fileRef = 5151EB3B111F4A4000207260 /* OSCHandler.cpp */; };
		5151EB73111F4A4100207260 /* BrowserCore.cpp in Sources */ = {isa = PBXBuildFile; fileRef = 5151EB3E111F4A4000207260 /* BrowserCore.cpp */; };
		5151EB74111F4A4100207260 /* EditorActions.cpp in Sources */ = {isa = PBXBuildFile; fileRef = 5151EB42111F4A4000207260 /* EditorActions.cpp */; };
		5151EB75111F4A4100207260 /* EditorCore.cpp in Sources */ = {isa = PBXBuildFile; fileRef = 5151EB44111F4A4100207260 /* EditorCore.cpp */; };
		5151EB76111F4A4100207260 /* StateManager.cpp in Sources */ = {isa = PBXBuildFile; fileRef = 5151EB47111F4A4100207260 /* StateManager.cpp */; };
		5151EB77111F4A4100207260 /* StaticFont.cpp in Sources */ = {isa = PBXBuildFile; fileRef = 5151EB49111F4A4100207260 /* StaticFont.cpp */; };
		5151EB78111F4A4100207260 /* ofxArgosUI.cpp in Sources */ = {isa = PBXBuildFile; fileRef = 5151EB5D111F4A4100207260 /* ofxArgosUI.cpp */; };
		5151EB79111F4A4100207260 /* ofxArgosUI_Control.cpp in Sources */ = {isa = PBXBuildFile; fileRef = 5151EB5F111F4A4100207260 /* ofxArgosUI_Control.cpp */; };
		5151EB7A111F4A4100207260 /* ofxArgosUI_Focus.cpp in Sources */ = {isa = PBXBuildFile; fileRef = 5151EB61111F4A4100207260 /* ofxArgosUI_Focus.cpp */; };
		5151EB7B111F4A4100207260 /* ofxArgosUI_Parameter.cpp in Sources */ = {isa = PBXBuildFile; fileRef = 5151EB64111F4A4100207260 /* ofxArgosUI_Parameter.cpp */; };
		5151EB7C111F4A4100207260 /* ofxArgosUI_View.cpp in Sources */ = {isa = PBXBuildFile; fileRef = 5151EB67111F4A4100207260 /* ofxArgosUI_View.cpp */; };
		5151EB7D111F4A4100207260 /* ofxTouchAPI.cpp in Sources */ = {isa = PBXBuildFile; fileRef = 5151EB6B111F4A4100207260 /* ofxTouchAPI.cpp */; };
		5151EB7E111F4A4100207260 /* ofxTouchAPI_IO.cpp in Sources */ = {isa = PBXBuildFile; fileRef = 5151EB6E111F4A4100207260 /* ofxTouchAPI_IO.cpp */; };
		5151EB94111F4ACB00207260 /* tinyxml.cpp in Sources */ = {isa = PBXBuildFile; fileRef = 5151EB8D111F4ACB00207260 /* tinyxml.cpp */; };
		5151EB95111F4ACB00207260 /* tinyxmlerror.cpp in Sources */ = {isa = PBXBuildFile; fileRef = 5151EB8F111F4ACB00207260 /* tinyxmlerror.cpp */; };
		5151EB96111F4ACB00207260 /* tinyxmlparser.cpp in Sources */ = {isa = PBXBuildFile; fileRef = 5151EB90111F4ACB00207260 /* tinyxmlparser.cpp */; };
		5151EB97111F4ACB00207260 /* ofxXmlSettings.cpp in Sources */ = {isa = PBXBuildFile; fileRef = 5151EB92111F4ACB00207260 /* ofxXmlSettings.cpp */; };
		51AC1ED41113AC4A007DA5FB /* liboscpack.a in Frameworks */ = {isa = PBXBuildFile; fileRef = 51AC1EBE1113AC4A007DA5FB /* liboscpack.a */; };
		51AC1ED51113AC4A007DA5FB /* libOsc.a in Frameworks */ = {isa = PBXBuildFile; fileRef = 51AC1EC01113AC4A007DA5FB /* libOsc.a */; };
		51AC1ED61113AC4A007DA5FB /* oscpack.a in Frameworks */ = {isa = PBXBuildFile; fileRef = 51AC1EC21113AC4A007DA5FB /* oscpack.a */; };
		51AC1ED71113AC4A007DA5FB /* oscpack.lib in Frameworks */ = {isa = PBXBuildFile; fileRef = 51AC1EC31113AC4A007DA5FB /* oscpack.lib */; };
		51AC1ED81113AC4A007DA5FB /* oscpackd.lib in Frameworks */ = {isa = PBXBuildFile; fileRef = 51AC1EC41113AC4A007DA5FB /* oscpackd.lib */; };
		51AC1ED91113AC4A007DA5FB /* ofxOscBundle.cpp in Sources */ = {isa = PBXBuildFile; fileRef = 51AC1EC81113AC4A007DA5FB /* ofxOscBundle.cpp */; };
		51AC1EDA1113AC4A007DA5FB /* ofxOscMessage.cpp in Sources */ = {isa = PBXBuildFile; fileRef = 51AC1ECA1113AC4A007DA5FB /* ofxOscMessage.cpp */; };
		51AC1EDB1113AC4A007DA5FB /* ofxOscReceiver.cpp in Sources */ = {isa = PBXBuildFile; fileRef = 51AC1ECC1113AC4A007DA5FB /* ofxOscReceiver.cpp */; };
		51AC1EDC1113AC4A007DA5FB /* ofxOscSender.cpp in Sources */ = {isa = PBXBuildFile; fileRef = 51AC1ECE1113AC4A007DA5FB /* ofxOscSender.cpp */; };
		E45BE0AA0E8CC67C009D7055 /* GLee.a in Frameworks */ = {isa = PBXBuildFile; fileRef = E45BE0A90E8CC67C009D7055 /* GLee.a */; };
		E45BE2E40E8CC69C009D7055 /* rtAudio.a in Frameworks */ = {isa = PBXBuildFile; fileRef = E45BE2E30E8CC69C009D7055 /* rtAudio.a */; };
		E45BE97B0E8CC7DD009D7055 /* AGL.framework in Frameworks */ = {isa = PBXBuildFile; fileRef = E45BE9710E8CC7DD009D7055 /* AGL.framework */; };
		E45BE97C0E8CC7DD009D7055 /* ApplicationServices.framework in Frameworks */ = {isa = PBXBuildFile; fileRef = E45BE9720E8CC7DD009D7055 /* ApplicationServices.framework */; };
		E45BE97D0E8CC7DD009D7055 /* AudioToolbox.framework in Frameworks */ = {isa = PBXBuildFile; fileRef = E45BE9730E8CC7DD009D7055 /* AudioToolbox.framework */; };
		E45BE97E0E8CC7DD009D7055 /* Carbon.framework in Frameworks */ = {isa = PBXBuildFile; fileRef = E45BE9740E8CC7DD009D7055 /* Carbon.framework */; };
		E45BE97F0E8CC7DD009D7055 /* CoreAudio.framework in Frameworks */ = {isa = PBXBuildFile; fileRef = E45BE9750E8CC7DD009D7055 /* CoreAudio.framework */; };
		E45BE9800E8CC7DD009D7055 /* CoreFoundation.framework in Frameworks */ = {isa = PBXBuildFile; fileRef = E45BE9760E8CC7DD009D7055 /* CoreFoundation.framework */; };
		E45BE9810E8CC7DD009D7055 /* CoreServices.framework in Frameworks */ = {isa = PBXBuildFile; fileRef = E45BE9770E8CC7DD009D7055 /* CoreServices.framework */; };
		E45BE9830E8CC7DD009D7055 /* OpenGL.framework in Frameworks */ = {isa = PBXBuildFile; fileRef = E45BE9790E8CC7DD009D7055 /* OpenGL.framework */; };
		E45BE9840E8CC7DD009D7055 /* QuickTime.framework in Frameworks */ = {isa = PBXBuildFile; fileRef = E45BE97A0E8CC7DD009D7055 /* QuickTime.framework */; };
		E4C2422B10CC554B004149E2 /* openFrameworksDebug.a in Frameworks */ = {isa = PBXBuildFile; fileRef = E4C2421E10CC549C004149E2 /* openFrameworksDebug.a */; };
		E4C2424710CC5A17004149E2 /* AppKit.framework in Frameworks */ = {isa = PBXBuildFile; fileRef = E4C2424410CC5A17004149E2 /* AppKit.framework */; };
		E4C2424810CC5A17004149E2 /* Cocoa.framework in Frameworks */ = {isa = PBXBuildFile; fileRef = E4C2424510CC5A17004149E2 /* Cocoa.framework */; };
		E4C2424910CC5A17004149E2 /* IOKit.framework in Frameworks */ = {isa = PBXBuildFile; fileRef = E4C2424610CC5A17004149E2 /* IOKit.framework */; };
		E4C2426610CC5A78004149E2 /* GLUT.framework in Frameworks */ = {isa = PBXBuildFile; fileRef = E4C2425F10CC5A78004149E2 /* GLUT.framework */; };
		E4C2426B10CC5AA6004149E2 /* GLUT.framework in CopyFiles */ = {isa = PBXBuildFile; fileRef = E4C2425F10CC5A78004149E2 /* GLUT.framework */; };
		E4C2427F10CC5B66004149E2 /* CppUnit.a in Frameworks */ = {isa = PBXBuildFile; fileRef = E4C2427A10CC5B66004149E2 /* CppUnit.a */; };
		E4C2428010CC5B66004149E2 /* PocoFoundation.a in Frameworks */ = {isa = PBXBuildFile; fileRef = E4C2427B10CC5B66004149E2 /* PocoFoundation.a */; };
		E4C2428110CC5B66004149E2 /* PocoNet.a in Frameworks */ = {isa = PBXBuildFile; fileRef = E4C2427C10CC5B66004149E2 /* PocoNet.a */; };
		E4C2428210CC5B66004149E2 /* PocoUtil.a in Frameworks */ = {isa = PBXBuildFile; fileRef = E4C2427D10CC5B66004149E2 /* PocoUtil.a */; };
		E4C2428310CC5B66004149E2 /* PocoXML.a in Frameworks */ = {isa = PBXBuildFile; fileRef = E4C2427E10CC5B66004149E2 /* PocoXML.a */; };
		E4C2429410CC5C38004149E2 /* freetype.a in Frameworks */ = {isa = PBXBuildFile; fileRef = E4C2429310CC5C38004149E2 /* freetype.a */; };
		E4C242CD10CC650E004149E2 /* libfmodex.dylib in Frameworks */ = {isa = PBXBuildFile; fileRef = E4C242CC10CC650E004149E2 /* libfmodex.dylib */; };
		E4C2443910CC7693004149E2 /* openFrameworks-Info.plist in CopyFiles */ = {isa = PBXBuildFile; fileRef = E4B6FCAD0C3E899E008CF71C /* openFrameworks-Info.plist */; };
		E4C246DA10CCAE22004149E2 /* freeimage.a in Frameworks */ = {isa = PBXBuildFile; fileRef = E4C246D910CCAE22004149E2 /* freeimage.a */; };
/* End PBXBuildFile section */

/* Begin PBXContainerItemProxy section */
		E4C2421D10CC549C004149E2 /* PBXContainerItemProxy */ = {
			isa = PBXContainerItemProxy;
			containerPortal = E4C2421610CC549C004149E2 /* openFrameworksLib.xcodeproj */;
			proxyType = 2;
			remoteGlobalIDString = E4B27C1510CBEB8E00536013;
			remoteInfo = openFrameworks;
		};
		E4C2422710CC54DA004149E2 /* PBXContainerItemProxy */ = {
			isa = PBXContainerItemProxy;
			containerPortal = E4C2421610CC549C004149E2 /* openFrameworksLib.xcodeproj */;
			proxyType = 1;
			remoteGlobalIDString = E4B27C1410CBEB8E00536013;
			remoteInfo = openFrameworks;
		};
/* End PBXContainerItemProxy section */

/* Begin PBXCopyFilesBuildPhase section */
		E4C2427710CC5ABF004149E2 /* CopyFiles */ = {
			isa = PBXCopyFilesBuildPhase;
			buildActionMask = 2147483647;
			dstPath = "";
			dstSubfolderSpec = 10;
			files = (
				E4C2426B10CC5AA6004149E2 /* GLUT.framework in CopyFiles */,
			);
			runOnlyForDeploymentPostprocessing = 0;
		};
		E4C2444710CC769B004149E2 /* CopyFiles */ = {
			isa = PBXCopyFilesBuildPhase;
			buildActionMask = 2147483647;
			dstPath = "";
			dstSubfolderSpec = 7;
			files = (
				E4C2443910CC7693004149E2 /* openFrameworks-Info.plist in CopyFiles */,
			);
			runOnlyForDeploymentPostprocessing = 0;
		};
/* End PBXCopyFilesBuildPhase section */

/* Begin PBXFileReference section */
		5151EB21111F4A4000207260 /* Argos.png */ = {isa = PBXFileReference; lastKnownFileType = image.png; path = Argos.png; sourceTree = "<group>"; };
		5151EB23111F4A4000207260 /* button.png */ = {isa = PBXFileReference; lastKnownFileType = image.png; path = button.png; sourceTree = "<group>"; };
		5151EB24111F4A4000207260 /* knob.png */ = {isa = PBXFileReference; lastKnownFileType = image.png; path = knob.png; sourceTree = "<group>"; };
		5151EB25111F4A4000207260 /* label.png */ = {isa = PBXFileReference; lastKnownFileType = image.png; path = label.png; sourceTree = "<group>"; };
		5151EB26111F4A4000207260 /* panel.png */ = {isa = PBXFileReference; lastKnownFileType = image.png; path = panel.png; sourceTree = "<group>"; };
		5151EB27111F4A4000207260 /* slider.png */ = {isa = PBXFileReference; lastKnownFileType = image.png; path = slider.png; sourceTree = "<group>"; };
		5151EB28111F4A4000207260 /* Thumbs.db */ = {isa = PBXFileReference; lastKnownFileType = file; path = Thumbs.db; sourceTree = "<group>"; };
		5151EB29111F4A4000207260 /* toggle.png */ = {isa = PBXFileReference; lastKnownFileType = image.png; path = toggle.png; sourceTree = "<group>"; };
		5151EB2A111F4A4000207260 /* xypad.png */ = {isa = PBXFileReference; lastKnownFileType = image.png; path = xypad.png; sourceTree = "<group>"; };
		5151EB2B111F4A4000207260 /* Thumbs.db */ = {isa = PBXFileReference; lastKnownFileType = file; path = Thumbs.db; sourceTree = "<group>"; };
		5151EB2C111F4A4000207260 /* verdana.ttf */ = {isa = PBXFileReference; lastKnownFileType = file; path = verdana.ttf; sourceTree = "<group>"; };
		5151EB37111F4A4000207260 /* Argos.cpp */ = {isa = PBXFileReference; fileEncoding = 4; lastKnownFileType = sourcecode.cpp.cpp; path = Argos.cpp; sourceTree = "<group>"; };
		5151EB38111F4A4000207260 /* Argos.h */ = {isa = PBXFileReference; fileEncoding = 4; lastKnownFileType = sourcecode.c.h; path = Argos.h; sourceTree = "<group>"; };
		5151EB39111F4A4000207260 /* main.cpp */ = {isa = PBXFileReference; fileEncoding = 4; lastKnownFileType = sourcecode.cpp.cpp; path = main.cpp; sourceTree = "<group>"; };
		5151EB3B111F4A4000207260 /* OSCHandler.cpp */ = {isa = PBXFileReference; fileEncoding = 4; lastKnownFileType = sourcecode.cpp.cpp; path = OSCHandler.cpp; sourceTree = "<group>"; };
		5151EB3C111F4A4000207260 /* OSCHandler.h */ = {isa = PBXFileReference; fileEncoding = 4; lastKnownFileType = sourcecode.c.h; path = OSCHandler.h; sourceTree = "<group>"; };
		5151EB3E111F4A4000207260 /* BrowserCore.cpp */ = {isa = PBXFileReference; fileEncoding = 4; lastKnownFileType = sourcecode.cpp.cpp; path = BrowserCore.cpp; sourceTree = "<group>"; };
		5151EB3F111F4A4000207260 /* BrowserCore.h */ = {isa = PBXFileReference; fileEncoding = 4; lastKnownFileType = sourcecode.c.h; path = BrowserCore.h; sourceTree = "<group>"; };
		5151EB40111F4A4000207260 /* BrowserDraggable.h */ = {isa = PBXFileReference; fileEncoding = 4; lastKnownFileType = sourcecode.c.h; path = BrowserDraggable.h; sourceTree = "<group>"; };
		5151EB41111F4A4000207260 /* BrowserDraggableList.h */ = {isa = PBXFileReference; fileEncoding = 4; lastKnownFileType = sourcecode.c.h; path = BrowserDraggableList.h; sourceTree = "<group>"; };
		5151EB42111F4A4000207260 /* EditorActions.cpp */ = {isa = PBXFileReference; fileEncoding = 4; lastKnownFileType = sourcecode.cpp.cpp; path = EditorActions.cpp; sourceTree = "<group>"; };
		5151EB43111F4A4000207260 /* EditorActions.h */ = {isa = PBXFileReference; fileEncoding = 4; lastKnownFileType = sourcecode.c.h; path = EditorActions.h; sourceTree = "<group>"; };
		5151EB44111F4A4100207260 /* EditorCore.cpp */ = {isa = PBXFileReference; fileEncoding = 4; lastKnownFileType = sourcecode.cpp.cpp; path = EditorCore.cpp; sourceTree = "<group>"; };
		5151EB45111F4A4100207260 /* EditorCore.h */ = {isa = PBXFileReference; fileEncoding = 4; lastKnownFileType = sourcecode.c.h; path = EditorCore.h; sourceTree = "<group>"; };
		5151EB46111F4A4100207260 /* GridManager.h */ = {isa = PBXFileReference; fileEncoding = 4; lastKnownFileType = sourcecode.c.h; path = GridManager.h; sourceTree = "<group>"; };
		5151EB47111F4A4100207260 /* StateManager.cpp */ = {isa = PBXFileReference; fileEncoding = 4; lastKnownFileType = sourcecode.cpp.cpp; path = StateManager.cpp; sourceTree = "<group>"; };
		5151EB48111F4A4100207260 /* StateManager.h */ = {isa = PBXFileReference; fileEncoding = 4; lastKnownFileType = sourcecode.c.h; path = StateManager.h; sourceTree = "<group>"; };
		5151EB49111F4A4100207260 /* StaticFont.cpp */ = {isa = PBXFileReference; fileEncoding = 4; lastKnownFileType = sourcecode.cpp.cpp; path = StaticFont.cpp; sourceTree = "<group>"; };
		5151EB4A111F4A4100207260 /* StaticFont.h */ = {isa = PBXFileReference; fileEncoding = 4; lastKnownFileType = sourcecode.c.h; path = StaticFont.h; sourceTree = "<group>"; };
		5151EB4B111F4A4100207260 /* utils.h */ = {isa = PBXFileReference; fileEncoding = 4; lastKnownFileType = sourcecode.c.h; path = utils.h; sourceTree = "<group>"; };
		5151EB4F111F4A4100207260 /* ofxArgosUI_Button.h */ = {isa = PBXFileReference; fileEncoding = 4; lastKnownFileType = sourcecode.c.h; path = ofxArgosUI_Button.h; sourceTree = "<group>"; };
		5151EB50111F4A4100207260 /* ofxArgosUI_FPSCounter.h */ = {isa = PBXFileReference; fileEncoding = 4; lastKnownFileType = sourcecode.c.h; path = ofxArgosUI_FPSCounter.h; sourceTree = "<group>"; };
		5151EB51111F4A4100207260 /* ofxArgosUI_Icon.h */ = {isa = PBXFileReference; fileEncoding = 4; lastKnownFileType = sourcecode.c.h; path = ofxArgosUI_Icon.h; sourceTree = "<group>"; };
		5151EB52111F4A4100207260 /* ofxArgosUI_Knob.h */ = {isa = PBXFileReference; fileEncoding = 4; lastKnownFileType = sourcecode.c.h; path = ofxArgosUI_Knob.h; sourceTree = "<group>"; };
		5151EB53111F4A4100207260 /* ofxArgosUI_Label.h */ = {isa = PBXFileReference; fileEncoding = 4; lastKnownFileType = sourcecode.c.h; path = ofxArgosUI_Label.h; sourceTree = "<group>"; };
		5151EB54111F4A4100207260 /* ofxArgosUI_Panel.h */ = {isa = PBXFileReference; fileEncoding = 4; lastKnownFileType = sourcecode.c.h; path = ofxArgosUI_Panel.h; sourceTree = "<group>"; };
		5151EB55111F4A4100207260 /* ofxArgosUI_SliderBase.h */ = {isa = PBXFileReference; fileEncoding = 4; lastKnownFileType = sourcecode.c.h; path = ofxArgosUI_SliderBase.h; sourceTree = "<group>"; };
		5151EB56111F4A4100207260 /* ofxArgosUI_SliderFloat.h */ = {isa = PBXFileReference; fileEncoding = 4; lastKnownFileType = sourcecode.c.h; path = ofxArgosUI_SliderFloat.h; sourceTree = "<group>"; };
		5151EB57111F4A4100207260 /* ofxArgosUI_SliderInt.h */ = {isa = PBXFileReference; fileEncoding = 4; lastKnownFileType = sourcecode.c.h; path = ofxArgosUI_SliderInt.h; sourceTree = "<group>"; };
		5151EB58111F4A4100207260 /* ofxArgosUI_Template.h */ = {isa = PBXFileReference; fileEncoding = 4; lastKnownFileType = sourcecode.c.h; path = ofxArgosUI_Template.h; sourceTree = "<group>"; };
		5151EB59111F4A4100207260 /* ofxArgosUI_TextField.h */ = {isa = PBXFileReference; fileEncoding = 4; lastKnownFileType = sourcecode.c.h; path = ofxArgosUI_TextField.h; sourceTree = "<group>"; };
		5151EB5A111F4A4100207260 /* ofxArgosUI_Title.h */ = {isa = PBXFileReference; fileEncoding = 4; lastKnownFileType = sourcecode.c.h; path = ofxArgosUI_Title.h; sourceTree = "<group>"; };
		5151EB5B111F4A4100207260 /* ofxArgosUI_Toggle.h */ = {isa = PBXFileReference; fileEncoding = 4; lastKnownFileType = sourcecode.c.h; path = ofxArgosUI_Toggle.h; sourceTree = "<group>"; };
		5151EB5C111F4A4100207260 /* ofxArgosUI_XYPad.h */ = {isa = PBXFileReference; fileEncoding = 4; lastKnownFileType = sourcecode.c.h; path = ofxArgosUI_XYPad.h; sourceTree = "<group>"; };
		5151EB5D111F4A4100207260 /* ofxArgosUI.cpp */ = {isa = PBXFileReference; fileEncoding = 4; lastKnownFileType = sourcecode.cpp.cpp; path = ofxArgosUI.cpp; sourceTree = "<group>"; };
		5151EB5E111F4A4100207260 /* ofxArgosUI.h */ = {isa = PBXFileReference; fileEncoding = 4; lastKnownFileType = sourcecode.c.h; path = ofxArgosUI.h; sourceTree = "<group>"; };
		5151EB5F111F4A4100207260 /* ofxArgosUI_Control.cpp */ = {isa = PBXFileReference; fileEncoding = 4; lastKnownFileType = sourcecode.cpp.cpp; path = ofxArgosUI_Control.cpp; sourceTree = "<group>"; };
		5151EB60111F4A4100207260 /* ofxArgosUI_Control.h */ = {isa = PBXFileReference; fileEncoding = 4; lastKnownFileType = sourcecode.c.h; path = ofxArgosUI_Control.h; sourceTree = "<group>"; };
		5151EB61111F4A4100207260 /* ofxArgosUI_Focus.cpp */ = {isa = PBXFileReference; fileEncoding = 4; lastKnownFileType = sourcecode.cpp.cpp; path = ofxArgosUI_Focus.cpp; sourceTree = "<group>"; };
		5151EB62111F4A4100207260 /* ofxArgosUI_Focus.h */ = {isa = PBXFileReference; fileEncoding = 4; lastKnownFileType = sourcecode.c.h; path = ofxArgosUI_Focus.h; sourceTree = "<group>"; };
		5151EB63111F4A4100207260 /* ofxArgosUI_Includes.h */ = {isa = PBXFileReference; fileEncoding = 4; lastKnownFileType = sourcecode.c.h; path = ofxArgosUI_Includes.h; sourceTree = "<group>"; };
		5151EB64111F4A4100207260 /* ofxArgosUI_Parameter.cpp */ = {isa = PBXFileReference; fileEncoding = 4; lastKnownFileType = sourcecode.cpp.cpp; path = ofxArgosUI_Parameter.cpp; sourceTree = "<group>"; };
		5151EB65111F4A4100207260 /* ofxArgosUI_Parameter.h */ = {isa = PBXFileReference; fileEncoding = 4; lastKnownFileType = sourcecode.c.h; path = ofxArgosUI_Parameter.h; sourceTree = "<group>"; };
		5151EB66111F4A4100207260 /* ofxArgosUI_Util.h */ = {isa = PBXFileReference; fileEncoding = 4; lastKnownFileType = sourcecode.c.h; path = ofxArgosUI_Util.h; sourceTree = "<group>"; };
		5151EB67111F4A4100207260 /* ofxArgosUI_View.cpp */ = {isa = PBXFileReference; fileEncoding = 4; lastKnownFileType = sourcecode.cpp.cpp; path = ofxArgosUI_View.cpp; sourceTree = "<group>"; };
		5151EB68111F4A4100207260 /* ofxArgosUI_View.h */ = {isa = PBXFileReference; fileEncoding = 4; lastKnownFileType = sourcecode.c.h; path = ofxArgosUI_View.h; sourceTree = "<group>"; };
		5151EB6B111F4A4100207260 /* ofxTouchAPI.cpp */ = {isa = PBXFileReference; fileEncoding = 4; lastKnownFileType = sourcecode.cpp.cpp; path = ofxTouchAPI.cpp; sourceTree = "<group>"; };
		5151EB6C111F4A4100207260 /* ofxTouchAPI.h */ = {isa = PBXFileReference; fileEncoding = 4; lastKnownFileType = sourcecode.c.h; path = ofxTouchAPI.h; sourceTree = "<group>"; };
		5151EB6D111F4A4100207260 /* ofxTouchAPI_HitTest.h */ = {isa = PBXFileReference; fileEncoding = 4; lastKnownFileType = sourcecode.c.h; path = ofxTouchAPI_HitTest.h; sourceTree = "<group>"; };
		5151EB6E111F4A4100207260 /* ofxTouchAPI_IO.cpp */ = {isa = PBXFileReference; fileEncoding = 4; lastKnownFileType = sourcecode.cpp.cpp; path = ofxTouchAPI_IO.cpp; sourceTree = "<group>"; };
		5151EB6F111F4A4100207260 /* ofxTouchAPI_IO.h */ = {isa = PBXFileReference; fileEncoding = 4; lastKnownFileType = sourcecode.c.h; path = ofxTouchAPI_IO.h; sourceTree = "<group>"; };
		5151EB7F111F4A8A00207260 /* argos.app */ = {isa = PBXFileReference; explicitFileType = wrapper.application; includeInIndex = 0; path = argos.app; sourceTree = BUILT_PRODUCTS_DIR; };
		5151EB8B111F4ACB00207260 /* install.xml */ = {isa = PBXFileReference; fileEncoding = 4; lastKnownFileType = text.xml; path = install.xml; sourceTree = "<group>"; };
		5151EB8D111F4ACB00207260 /* tinyxml.cpp */ = {isa = PBXFileReference; fileEncoding = 4; lastKnownFileType = sourcecode.cpp.cpp; path = tinyxml.cpp; sourceTree = "<group>"; };
		5151EB8E111F4ACB00207260 /* tinyxml.h */ = {isa = PBXFileReference; fileEncoding = 4; lastKnownFileType = sourcecode.c.h; path = tinyxml.h; sourceTree = "<group>"; };
		5151EB8F111F4ACB00207260 /* tinyxmlerror.cpp */ = {isa = PBXFileReference; fileEncoding = 4; lastKnownFileType = sourcecode.cpp.cpp; path = tinyxmlerror.cpp; sourceTree = "<group>"; };
		5151EB90111F4ACB00207260 /* tinyxmlparser.cpp */ = {isa = PBXFileReference; fileEncoding = 4; lastKnownFileType = sourcecode.cpp.cpp; path = tinyxmlparser.cpp; sourceTree = "<group>"; };
		5151EB92111F4ACB00207260 /* ofxXmlSettings.cpp */ = {isa = PBXFileReference; fileEncoding = 4; lastKnownFileType = sourcecode.cpp.cpp; path = ofxXmlSettings.cpp; sourceTree = "<group>"; };
		5151EB93111F4ACB00207260 /* ofxXmlSettings.h */ = {isa = PBXFileReference; fileEncoding = 4; lastKnownFileType = sourcecode.c.h; path = ofxXmlSettings.h; sourceTree = "<group>"; };
		51AC1E901113AC32007DA5FB /* ofxTuio.h */ = {isa = PBXFileReference; fileEncoding = 4; lastKnownFileType = sourcecode.c.h; path = ofxTuio.h; sourceTree = "<group>"; };
		51AC1E911113AC32007DA5FB /* ofxTuioClient.h */ = {isa = PBXFileReference; fileEncoding = 4; lastKnownFileType = sourcecode.c.h; path = ofxTuioClient.h; sourceTree = "<group>"; };
		51AC1E921113AC32007DA5FB /* ofxTuioContainer.h */ = {isa = PBXFileReference; fileEncoding = 4; lastKnownFileType = sourcecode.c.h; path = ofxTuioContainer.h; sourceTree = "<group>"; };
		51AC1E931113AC32007DA5FB /* ofxTuioCursor.h */ = {isa = PBXFileReference; fileEncoding = 4; lastKnownFileType = sourcecode.c.h; path = ofxTuioCursor.h; sourceTree = "<group>"; };
		51AC1E941113AC32007DA5FB /* ofxTuioObject.h */ = {isa = PBXFileReference; fileEncoding = 4; lastKnownFileType = sourcecode.c.h; path = ofxTuioObject.h; sourceTree = "<group>"; };
		51AC1E951113AC32007DA5FB /* ofxTuioPoint.h */ = {isa = PBXFileReference; fileEncoding = 4; lastKnownFileType = sourcecode.c.h; path = ofxTuioPoint.h; sourceTree = "<group>"; };
		51AC1EA91113AC4A007DA5FB /* install.xml */ = {isa = PBXFileReference; fileEncoding = 4; lastKnownFileType = text.xml; path = install.xml; sourceTree = "<group>"; };
		51AC1EAE1113AC4A007DA5FB /* IpEndpointName.h */ = {isa = PBXFileReference; fileEncoding = 4; lastKnownFileType = sourcecode.c.h; path = IpEndpointName.h; sourceTree = "<group>"; };
		51AC1EAF1113AC4A007DA5FB /* NetworkingUtils.h */ = {isa = PBXFileReference; fileEncoding = 4; lastKnownFileType = sourcecode.c.h; path = NetworkingUtils.h; sourceTree = "<group>"; };
		51AC1EB01113AC4A007DA5FB /* PacketListener.h */ = {isa = PBXFileReference; fileEncoding = 4; lastKnownFileType = sourcecode.c.h; path = PacketListener.h; sourceTree = "<group>"; };
		51AC1EB11113AC4A007DA5FB /* TimerListener.h */ = {isa = PBXFileReference; fileEncoding = 4; lastKnownFileType = sourcecode.c.h; path = TimerListener.h; sourceTree = "<group>"; };
		51AC1EB21113AC4A007DA5FB /* UdpSocket.h */ = {isa = PBXFileReference; fileEncoding = 4; lastKnownFileType = sourcecode.c.h; path = UdpSocket.h; sourceTree = "<group>"; };
		51AC1EB41113AC4A007DA5FB /* MessageMappingOscPacketListener.h */ = {isa = PBXFileReference; fileEncoding = 4; lastKnownFileType = sourcecode.c.h; path = MessageMappingOscPacketListener.h; sourceTree = "<group>"; };
		51AC1EB51113AC4A007DA5FB /* OscException.h */ = {isa = PBXFileReference; fileEncoding = 4; lastKnownFileType = sourcecode.c.h; path = OscException.h; sourceTree = "<group>"; };
		51AC1EB61113AC4A007DA5FB /* OscHostEndianness.h */ = {isa = PBXFileReference; fileEncoding = 4; lastKnownFileType = sourcecode.c.h; path = OscHostEndianness.h; sourceTree = "<group>"; };
		51AC1EB71113AC4A007DA5FB /* OscOutboundPacketStream.h */ = {isa = PBXFileReference; fileEncoding = 4; lastKnownFileType = sourcecode.c.h; path = OscOutboundPacketStream.h; sourceTree = "<group>"; };
		51AC1EB81113AC4A007DA5FB /* OscPacketListener.h */ = {isa = PBXFileReference; fileEncoding = 4; lastKnownFileType = sourcecode.c.h; path = OscPacketListener.h; sourceTree = "<group>"; };
		51AC1EB91113AC4A007DA5FB /* OscPrintReceivedElements.h */ = {isa = PBXFileReference; fileEncoding = 4; lastKnownFileType = sourcecode.c.h; path = OscPrintReceivedElements.h; sourceTree = "<group>"; };
		51AC1EBA1113AC4A007DA5FB /* OscReceivedElements.h */ = {isa = PBXFileReference; fileEncoding = 4; lastKnownFileType = sourcecode.c.h; path = OscReceivedElements.h; sourceTree = "<group>"; };
		51AC1EBB1113AC4A007DA5FB /* OscTypes.h */ = {isa = PBXFileReference; fileEncoding = 4; lastKnownFileType = sourcecode.c.h; path = OscTypes.h; sourceTree = "<group>"; };
		51AC1EBE1113AC4A007DA5FB /* liboscpack.a */ = {isa = PBXFileReference; lastKnownFileType = archive.ar; path = liboscpack.a; sourceTree = "<group>"; };
		51AC1EC01113AC4A007DA5FB /* libOsc.a */ = {isa = PBXFileReference; lastKnownFileType = archive.ar; path = libOsc.a; sourceTree = "<group>"; };
		51AC1EC21113AC4A007DA5FB /* oscpack.a */ = {isa = PBXFileReference; lastKnownFileType = archive.ar; path = oscpack.a; sourceTree = "<group>"; };
		51AC1EC31113AC4A007DA5FB /* oscpack.lib */ = {isa = PBXFileReference; lastKnownFileType = archive.ar; path = oscpack.lib; sourceTree = "<group>"; };
		51AC1EC41113AC4A007DA5FB /* oscpackd.lib */ = {isa = PBXFileReference; lastKnownFileType = archive.ar; path = oscpackd.lib; sourceTree = "<group>"; };
		51AC1EC61113AC4A007DA5FB /* ofxOsc.h */ = {isa = PBXFileReference; fileEncoding = 4; lastKnownFileType = sourcecode.c.h; path = ofxOsc.h; sourceTree = "<group>"; };
		51AC1EC71113AC4A007DA5FB /* ofxOscArg.h */ = {isa = PBXFileReference; fileEncoding = 4; lastKnownFileType = sourcecode.c.h; path = ofxOscArg.h; sourceTree = "<group>"; };
		51AC1EC81113AC4A007DA5FB /* ofxOscBundle.cpp */ = {isa = PBXFileReference; fileEncoding = 4; lastKnownFileType = sourcecode.cpp.cpp; path = ofxOscBundle.cpp; sourceTree = "<group>"; };
		51AC1EC91113AC4A007DA5FB /* ofxOscBundle.h */ = {isa = PBXFileReference; fileEncoding = 4; lastKnownFileType = sourcecode.c.h; path = ofxOscBundle.h; sourceTree = "<group>"; };
		51AC1ECA1113AC4A007DA5FB /* ofxOscMessage.cpp */ = {isa = PBXFileReference; fileEncoding = 4; lastKnownFileType = sourcecode.cpp.cpp; path = ofxOscMessage.cpp; sourceTree = "<group>"; };
		51AC1ECB1113AC4A007DA5FB /* ofxOscMessage.h */ = {isa = PBXFileReference; fileEncoding = 4; lastKnownFileType = sourcecode.c.h; path = ofxOscMessage.h; sourceTree = "<group>"; };
		51AC1ECC1113AC4A007DA5FB /* ofxOscReceiver.cpp */ = {isa = PBXFileReference; fileEncoding = 4; lastKnownFileType = sourcecode.cpp.cpp; path = ofxOscReceiver.cpp; sourceTree = "<group>"; };
		51AC1ECD1113AC4A007DA5FB /* ofxOscReceiver.h */ = {isa = PBXFileReference; fileEncoding = 4; lastKnownFileType = sourcecode.c.h; path = ofxOscReceiver.h; sourceTree = "<group>"; };
		51AC1ECE1113AC4A007DA5FB /* ofxOscSender.cpp */ = {isa = PBXFileReference; fileEncoding = 4; lastKnownFileType = sourcecode.cpp.cpp; path = ofxOscSender.cpp; sourceTree = "<group>"; };
		51AC1ECF1113AC4A007DA5FB /* ofxOscSender.h */ = {isa = PBXFileReference; fileEncoding = 4; lastKnownFileType = sourcecode.c.h; path = ofxOscSender.h; sourceTree = "<group>"; };
		E45BE0390E8CC647009D7055 /* FreeImage.h */ = {isa = PBXFileReference; fileEncoding = 4; lastKnownFileType = sourcecode.c.h; name = FreeImage.h; path = ../../../libs/freeimage/include/FreeImage.h; sourceTree = SOURCE_ROOT; };
		E45BE03F0E8CC650009D7055 /* fmod.h */ = {isa = PBXFileReference; fileEncoding = 4; lastKnownFileType = sourcecode.c.h; name = fmod.h; path = ../../../libs/fmodex/include/fmod.h; sourceTree = SOURCE_ROOT; };
		E45BE0400E8CC650009D7055 /* fmod.hpp */ = {isa = PBXFileReference; fileEncoding = 4; lastKnownFileType = sourcecode.cpp.h; name = fmod.hpp; path = ../../../libs/fmodex/include/fmod.hpp; sourceTree = SOURCE_ROOT; };
		E45BE0410E8CC650009D7055 /* fmod_codec.h */ = {isa = PBXFileReference; fileEncoding = 4; lastKnownFileType = sourcecode.c.h; name = fmod_codec.h; path = ../../../libs/fmodex/include/fmod_codec.h; sourceTree = SOURCE_ROOT; };
		E45BE0420E8CC650009D7055 /* fmod_dsp.h */ = {isa = PBXFileReference; fileEncoding = 4; lastKnownFileType = sourcecode.c.h; name = fmod_dsp.h; path = ../../../libs/fmodex/include/fmod_dsp.h; sourceTree = SOURCE_ROOT; };
		E45BE0430E8CC650009D7055 /* fmod_errors.h */ = {isa = PBXFileReference; fileEncoding = 4; lastKnownFileType = sourcecode.c.h; name = fmod_errors.h; path = ../../../libs/fmodex/include/fmod_errors.h; sourceTree = SOURCE_ROOT; };
		E45BE0440E8CC650009D7055 /* fmod_output.h */ = {isa = PBXFileReference; fileEncoding = 4; lastKnownFileType = sourcecode.c.h; name = fmod_output.h; path = ../../../libs/fmodex/include/fmod_output.h; sourceTree = SOURCE_ROOT; };
		E45BE0A70E8CC67C009D7055 /* GLee.h */ = {isa = PBXFileReference; fileEncoding = 4; lastKnownFileType = sourcecode.c.h; name = GLee.h; path = ../../../libs/GLee/include/GLee.h; sourceTree = SOURCE_ROOT; };
		E45BE0A90E8CC67C009D7055 /* GLee.a */ = {isa = PBXFileReference; lastKnownFileType = archive.ar; name = GLee.a; path = ../../../libs/GLee/lib/osx/GLee.a; sourceTree = SOURCE_ROOT; };
		E45BE2E00E8CC69C009D7055 /* RtAudio.h */ = {isa = PBXFileReference; fileEncoding = 4; lastKnownFileType = sourcecode.c.h; name = RtAudio.h; path = ../../../libs/rtAudio/include/RtAudio.h; sourceTree = SOURCE_ROOT; };
		E45BE2E10E8CC69C009D7055 /* RtError.h */ = {isa = PBXFileReference; fileEncoding = 4; lastKnownFileType = sourcecode.c.h; name = RtError.h; path = ../../../libs/rtAudio/include/RtError.h; sourceTree = SOURCE_ROOT; };
		E45BE2E30E8CC69C009D7055 /* rtAudio.a */ = {isa = PBXFileReference; lastKnownFileType = archive.ar; name = rtAudio.a; path = ../../../libs/rtAudio/lib/osx/rtAudio.a; sourceTree = SOURCE_ROOT; };
		E45BE9710E8CC7DD009D7055 /* AGL.framework */ = {isa = PBXFileReference; lastKnownFileType = wrapper.framework; name = AGL.framework; path = /System/Library/Frameworks/AGL.framework; sourceTree = "<absolute>"; };
		E45BE9720E8CC7DD009D7055 /* ApplicationServices.framework */ = {isa = PBXFileReference; lastKnownFileType = wrapper.framework; name = ApplicationServices.framework; path = /System/Library/Frameworks/ApplicationServices.framework; sourceTree = "<absolute>"; };
		E45BE9730E8CC7DD009D7055 /* AudioToolbox.framework */ = {isa = PBXFileReference; lastKnownFileType = wrapper.framework; name = AudioToolbox.framework; path = /System/Library/Frameworks/AudioToolbox.framework; sourceTree = "<absolute>"; };
		E45BE9740E8CC7DD009D7055 /* Carbon.framework */ = {isa = PBXFileReference; lastKnownFileType = wrapper.framework; name = Carbon.framework; path = /System/Library/Frameworks/Carbon.framework; sourceTree = "<absolute>"; };
		E45BE9750E8CC7DD009D7055 /* CoreAudio.framework */ = {isa = PBXFileReference; lastKnownFileType = wrapper.framework; name = CoreAudio.framework; path = /System/Library/Frameworks/CoreAudio.framework; sourceTree = "<absolute>"; };
		E45BE9760E8CC7DD009D7055 /* CoreFoundation.framework */ = {isa = PBXFileReference; lastKnownFileType = wrapper.framework; name = CoreFoundation.framework; path = /System/Library/Frameworks/CoreFoundation.framework; sourceTree = "<absolute>"; };
		E45BE9770E8CC7DD009D7055 /* CoreServices.framework */ = {isa = PBXFileReference; lastKnownFileType = wrapper.framework; name = CoreServices.framework; path = /System/Library/Frameworks/CoreServices.framework; sourceTree = "<absolute>"; };
		E45BE9790E8CC7DD009D7055 /* OpenGL.framework */ = {isa = PBXFileReference; lastKnownFileType = wrapper.framework; name = OpenGL.framework; path = /System/Library/Frameworks/OpenGL.framework; sourceTree = "<absolute>"; };
		E45BE97A0E8CC7DD009D7055 /* QuickTime.framework */ = {isa = PBXFileReference; lastKnownFileType = wrapper.framework; name = QuickTime.framework; path = /System/Library/Frameworks/QuickTime.framework; sourceTree = "<absolute>"; };
		E4B6FCAD0C3E899E008CF71C /* openFrameworks-Info.plist */ = {isa = PBXFileReference; fileEncoding = 30; lastKnownFileType = text.plist.xml; path = "openFrameworks-Info.plist"; sourceTree = "<group>"; };
		E4C2421610CC549C004149E2 /* openFrameworksLib.xcodeproj */ = {isa = PBXFileReference; lastKnownFileType = "wrapper.pb-project"; name = openFrameworksLib.xcodeproj; path = ../../../libs/openFrameworksCompiled/project/osx/openFrameworksLib.xcodeproj; sourceTree = SOURCE_ROOT; };
		E4C2424410CC5A17004149E2 /* AppKit.framework */ = {isa = PBXFileReference; lastKnownFileType = wrapper.framework; name = AppKit.framework; path = /System/Library/Frameworks/AppKit.framework; sourceTree = "<absolute>"; };
		E4C2424510CC5A17004149E2 /* Cocoa.framework */ = {isa = PBXFileReference; lastKnownFileType = wrapper.framework; name = Cocoa.framework; path = /System/Library/Frameworks/Cocoa.framework; sourceTree = "<absolute>"; };
		E4C2424610CC5A17004149E2 /* IOKit.framework */ = {isa = PBXFileReference; lastKnownFileType = wrapper.framework; name = IOKit.framework; path = /System/Library/Frameworks/IOKit.framework; sourceTree = "<absolute>"; };
		E4C2425F10CC5A78004149E2 /* GLUT.framework */ = {isa = PBXFileReference; lastKnownFileType = wrapper.framework; name = GLUT.framework; path = ../../../libs/glut/lib/osx/GLUT.framework; sourceTree = SOURCE_ROOT; };
		E4C2427A10CC5B66004149E2 /* CppUnit.a */ = {isa = PBXFileReference; lastKnownFileType = archive.ar; name = CppUnit.a; path = ../../../libs/poco/lib/osx/CppUnit.a; sourceTree = SOURCE_ROOT; };
		E4C2427B10CC5B66004149E2 /* PocoFoundation.a */ = {isa = PBXFileReference; lastKnownFileType = archive.ar; name = PocoFoundation.a; path = ../../../libs/poco/lib/osx/PocoFoundation.a; sourceTree = SOURCE_ROOT; };
		E4C2427C10CC5B66004149E2 /* PocoNet.a */ = {isa = PBXFileReference; lastKnownFileType = archive.ar; name = PocoNet.a; path = ../../../libs/poco/lib/osx/PocoNet.a; sourceTree = SOURCE_ROOT; };
		E4C2427D10CC5B66004149E2 /* PocoUtil.a */ = {isa = PBXFileReference; lastKnownFileType = archive.ar; name = PocoUtil.a; path = ../../../libs/poco/lib/osx/PocoUtil.a; sourceTree = SOURCE_ROOT; };
		E4C2427E10CC5B66004149E2 /* PocoXML.a */ = {isa = PBXFileReference; lastKnownFileType = archive.ar; name = PocoXML.a; path = ../../../libs/poco/lib/osx/PocoXML.a; sourceTree = SOURCE_ROOT; };
		E4C2429310CC5C38004149E2 /* freetype.a */ = {isa = PBXFileReference; lastKnownFileType = archive.ar; name = freetype.a; path = ../../../libs/freetype/lib/osx/freetype.a; sourceTree = SOURCE_ROOT; };
		E4C242CC10CC650E004149E2 /* libfmodex.dylib */ = {isa = PBXFileReference; lastKnownFileType = "compiled.mach-o.dylib"; name = libfmodex.dylib; path = ../../../libs/fmodex/lib/osx/libfmodex.dylib; sourceTree = SOURCE_ROOT; };
		E4C246D910CCAE22004149E2 /* freeimage.a */ = {isa = PBXFileReference; lastKnownFileType = archive.ar; name = freeimage.a; path = ../../../libs/FreeImage/lib/osx/freeimage.a; sourceTree = SOURCE_ROOT; };
/* End PBXFileReference section */

/* Begin PBXFrameworksBuildPhase section */
		E4B69B590A3A1756003C02F2 /* Frameworks */ = {
			isa = PBXFrameworksBuildPhase;
			buildActionMask = 2147483647;
			files = (
				E4C2422B10CC554B004149E2 /* openFrameworksDebug.a in Frameworks */,
				E45BE0AA0E8CC67C009D7055 /* GLee.a in Frameworks */,
				E45BE2E40E8CC69C009D7055 /* rtAudio.a in Frameworks */,
				E45BE97B0E8CC7DD009D7055 /* AGL.framework in Frameworks */,
				E45BE97C0E8CC7DD009D7055 /* ApplicationServices.framework in Frameworks */,
				E45BE97D0E8CC7DD009D7055 /* AudioToolbox.framework in Frameworks */,
				E45BE97E0E8CC7DD009D7055 /* Carbon.framework in Frameworks */,
				E45BE97F0E8CC7DD009D7055 /* CoreAudio.framework in Frameworks */,
				E45BE9800E8CC7DD009D7055 /* CoreFoundation.framework in Frameworks */,
				E45BE9810E8CC7DD009D7055 /* CoreServices.framework in Frameworks */,
				E45BE9830E8CC7DD009D7055 /* OpenGL.framework in Frameworks */,
				E45BE9840E8CC7DD009D7055 /* QuickTime.framework in Frameworks */,
				E4C2424710CC5A17004149E2 /* AppKit.framework in Frameworks */,
				E4C2424810CC5A17004149E2 /* Cocoa.framework in Frameworks */,
				E4C2424910CC5A17004149E2 /* IOKit.framework in Frameworks */,
				E4C2426610CC5A78004149E2 /* GLUT.framework in Frameworks */,
				E4C2427F10CC5B66004149E2 /* CppUnit.a in Frameworks */,
				E4C2428010CC5B66004149E2 /* PocoFoundation.a in Frameworks */,
				E4C2428110CC5B66004149E2 /* PocoNet.a in Frameworks */,
				E4C2428210CC5B66004149E2 /* PocoUtil.a in Frameworks */,
				E4C2428310CC5B66004149E2 /* PocoXML.a in Frameworks */,
				E4C2429410CC5C38004149E2 /* freetype.a in Frameworks */,
				E4C242CD10CC650E004149E2 /* libfmodex.dylib in Frameworks */,
				E4C246DA10CCAE22004149E2 /* freeimage.a in Frameworks */,
				51AC1ED41113AC4A007DA5FB /* liboscpack.a in Frameworks */,
				51AC1ED51113AC4A007DA5FB /* libOsc.a in Frameworks */,
				51AC1ED61113AC4A007DA5FB /* oscpack.a in Frameworks */,
				51AC1ED71113AC4A007DA5FB /* oscpack.lib in Frameworks */,
				51AC1ED81113AC4A007DA5FB /* oscpackd.lib in Frameworks */,
			);
			runOnlyForDeploymentPostprocessing = 0;
		};
/* End PBXFrameworksBuildPhase section */

/* Begin PBXGroup section */
		5151EB1A111F4A4000207260 /* ofxArgos */ = {
			isa = PBXGroup;
			children = (
				5151EB1F111F4A4000207260 /* bin */,
				5151EB36111F4A4000207260 /* src */,
			);
			path = ofxArgos;
			sourceTree = "<group>";
		};
		5151EB1F111F4A4000207260 /* bin */ = {
			isa = PBXGroup;
			children = (
				5151EB20111F4A4000207260 /* data */,
			);
			path = bin;
			sourceTree = "<group>";
		};
		5151EB20111F4A4000207260 /* data */ = {
			isa = PBXGroup;
			children = (
				5151EB21111F4A4000207260 /* Argos.png */,
				5151EB22111F4A4000207260 /* icons */,
				5151EB2B111F4A4000207260 /* Thumbs.db */,
				5151EB2C111F4A4000207260 /* verdana.ttf */,
			);
			path = data;
			sourceTree = "<group>";
		};
		5151EB22111F4A4000207260 /* icons */ = {
			isa = PBXGroup;
			children = (
				5151EB23111F4A4000207260 /* button.png */,
				5151EB24111F4A4000207260 /* knob.png */,
				5151EB25111F4A4000207260 /* label.png */,
				5151EB26111F4A4000207260 /* panel.png */,
				5151EB27111F4A4000207260 /* slider.png */,
				5151EB28111F4A4000207260 /* Thumbs.db */,
				5151EB29111F4A4000207260 /* toggle.png */,
				5151EB2A111F4A4000207260 /* xypad.png */,
			);
			path = icons;
			sourceTree = "<group>";
		};
		5151EB36111F4A4000207260 /* src */ = {
			isa = PBXGroup;
			children = (
				5151EB37111F4A4000207260 /* Argos.cpp */,
				5151EB38111F4A4000207260 /* Argos.h */,
				5151EB39111F4A4000207260 /* main.cpp */,
				5151EB3A111F4A4000207260 /* OSCHandler */,
				5151EB3D111F4A4000207260 /* UI Panels */,
				5151EB4B111F4A4100207260 /* utils.h */,
			);
			path = src;
			sourceTree = "<group>";
		};
		5151EB3A111F4A4000207260 /* OSCHandler */ = {
			isa = PBXGroup;
			children = (
				5151EB3B111F4A4000207260 /* OSCHandler.cpp */,
				5151EB3C111F4A4000207260 /* OSCHandler.h */,
			);
			path = OSCHandler;
			sourceTree = "<group>";
		};
		5151EB3D111F4A4000207260 /* UI Panels */ = {
			isa = PBXGroup;
			children = (
				5151EB3E111F4A4000207260 /* BrowserCore.cpp */,
				5151EB3F111F4A4000207260 /* BrowserCore.h */,
				5151EB40111F4A4000207260 /* BrowserDraggable.h */,
				5151EB41111F4A4000207260 /* BrowserDraggableList.h */,
				5151EB42111F4A4000207260 /* EditorActions.cpp */,
				5151EB43111F4A4000207260 /* EditorActions.h */,
				5151EB44111F4A4100207260 /* EditorCore.cpp */,
				5151EB45111F4A4100207260 /* EditorCore.h */,
				5151EB46111F4A4100207260 /* GridManager.h */,
				5151EB47111F4A4100207260 /* StateManager.cpp */,
				5151EB48111F4A4100207260 /* StateManager.h */,
				5151EB49111F4A4100207260 /* StaticFont.cpp */,
				5151EB4A111F4A4100207260 /* StaticFont.h */,
			);
			path = "UI Panels";
			sourceTree = "<group>";
		};
		5151EB4C111F4A4100207260 /* ofxArgosUI */ = {
			isa = PBXGroup;
			children = (
				5151EB4D111F4A4100207260 /* src */,
			);
			path = ofxArgosUI;
			sourceTree = "<group>";
		};
		5151EB4D111F4A4100207260 /* src */ = {
			isa = PBXGroup;
			children = (
				5151EB4E111F4A4100207260 /* Controls */,
				5151EB5D111F4A4100207260 /* ofxArgosUI.cpp */,
				5151EB5E111F4A4100207260 /* ofxArgosUI.h */,
				5151EB5F111F4A4100207260 /* ofxArgosUI_Control.cpp */,
				5151EB60111F4A4100207260 /* ofxArgosUI_Control.h */,
				5151EB61111F4A4100207260 /* ofxArgosUI_Focus.cpp */,
				5151EB62111F4A4100207260 /* ofxArgosUI_Focus.h */,
				5151EB63111F4A4100207260 /* ofxArgosUI_Includes.h */,
				5151EB64111F4A4100207260 /* ofxArgosUI_Parameter.cpp */,
				5151EB65111F4A4100207260 /* ofxArgosUI_Parameter.h */,
				5151EB66111F4A4100207260 /* ofxArgosUI_Util.h */,
				5151EB67111F4A4100207260 /* ofxArgosUI_View.cpp */,
				5151EB68111F4A4100207260 /* ofxArgosUI_View.h */,
			);
			path = src;
			sourceTree = "<group>";
		};
		5151EB4E111F4A4100207260 /* Controls */ = {
			isa = PBXGroup;
			children = (
				5151EB4F111F4A4100207260 /* ofxArgosUI_Button.h */,
				5151EB50111F4A4100207260 /* ofxArgosUI_FPSCounter.h */,
				5151EB51111F4A4100207260 /* ofxArgosUI_Icon.h */,
				5151EB52111F4A4100207260 /* ofxArgosUI_Knob.h */,
				5151EB53111F4A4100207260 /* ofxArgosUI_Label.h */,
				5151EB54111F4A4100207260 /* ofxArgosUI_Panel.h */,
				5151EB55111F4A4100207260 /* ofxArgosUI_SliderBase.h */,
				5151EB56111F4A4100207260 /* ofxArgosUI_SliderFloat.h */,
				5151EB57111F4A4100207260 /* ofxArgosUI_SliderInt.h */,
				5151EB58111F4A4100207260 /* ofxArgosUI_Template.h */,
				5151EB59111F4A4100207260 /* ofxArgosUI_TextField.h */,
				5151EB5A111F4A4100207260 /* ofxArgosUI_Title.h */,
				5151EB5B111F4A4100207260 /* ofxArgosUI_Toggle.h */,
				5151EB5C111F4A4100207260 /* ofxArgosUI_XYPad.h */,
			);
			path = Controls;
			sourceTree = "<group>";
		};
		5151EB69111F4A4100207260 /* ofxTouchAPI */ = {
			isa = PBXGroup;
			children = (
				5151EB6A111F4A4100207260 /* src */,
			);
			path = ofxTouchAPI;
			sourceTree = "<group>";
		};
		5151EB6A111F4A4100207260 /* src */ = {
			isa = PBXGroup;
			children = (
				5151EB6B111F4A4100207260 /* ofxTouchAPI.cpp */,
				5151EB6C111F4A4100207260 /* ofxTouchAPI.h */,
				5151EB6D111F4A4100207260 /* ofxTouchAPI_HitTest.h */,
				5151EB6E111F4A4100207260 /* ofxTouchAPI_IO.cpp */,
				5151EB6F111F4A4100207260 /* ofxTouchAPI_IO.h */,
			);
			path = src;
			sourceTree = "<group>";
		};
		5151EB87111F4ACB00207260 /* ofxXmlSettings */ = {
			isa = PBXGroup;
			children = (
				5151EB88111F4ACB00207260 /* example */,
				5151EB8B111F4ACB00207260 /* install.xml */,
				5151EB8C111F4ACB00207260 /* libs */,
				5151EB91111F4ACB00207260 /* src */,
			);
			path = ofxXmlSettings;
			sourceTree = "<group>";
		};
		5151EB88111F4ACB00207260 /* example */ = {
			isa = PBXGroup;
			children = (
				5151EB89111F4ACB00207260 /* data */,
				5151EB8A111F4ACB00207260 /* src */,
			);
			path = example;
			sourceTree = "<group>";
		};
		5151EB89111F4ACB00207260 /* data */ = {
			isa = PBXGroup;
			children = (
			);
			path = data;
			sourceTree = "<group>";
		};
		5151EB8A111F4ACB00207260 /* src */ = {
			isa = PBXGroup;
			children = (
			);
			path = src;
			sourceTree = "<group>";
		};
		5151EB8C111F4ACB00207260 /* libs */ = {
			isa = PBXGroup;
			children = (
				5151EB8D111F4ACB00207260 /* tinyxml.cpp */,
				5151EB8E111F4ACB00207260 /* tinyxml.h */,
				5151EB8F111F4ACB00207260 /* tinyxmlerror.cpp */,
				5151EB90111F4ACB00207260 /* tinyxmlparser.cpp */,
			);
			path = libs;
			sourceTree = "<group>";
		};
		5151EB91111F4ACB00207260 /* src */ = {
			isa = PBXGroup;
			children = (
				5151EB92111F4ACB00207260 /* ofxXmlSettings.cpp */,
				5151EB93111F4ACB00207260 /* ofxXmlSettings.h */,
			);
			path = src;
			sourceTree = "<group>";
		};
		51AC1E8A1113AC32007DA5FB /* ofxTuio */ = {
			isa = PBXGroup;
			children = (
				51AC1E8F1113AC32007DA5FB /* src */,
			);
			path = ofxTuio;
			sourceTree = "<group>";
		};
		51AC1E8F1113AC32007DA5FB /* src */ = {
			isa = PBXGroup;
			children = (
				51AC1E901113AC32007DA5FB /* ofxTuio.h */,
				51AC1E911113AC32007DA5FB /* ofxTuioClient.h */,
				51AC1E921113AC32007DA5FB /* ofxTuioContainer.h */,
				51AC1E931113AC32007DA5FB /* ofxTuioCursor.h */,
				51AC1E941113AC32007DA5FB /* ofxTuioObject.h */,
				51AC1E951113AC32007DA5FB /* ofxTuioPoint.h */,
			);
			path = src;
			sourceTree = "<group>";
		};
		51AC1E9D1113AC49007DA5FB /* ofxOsc */ = {
			isa = PBXGroup;
			children = (
				51AC1EA91113AC4A007DA5FB /* install.xml */,
				51AC1EAA1113AC4A007DA5FB /* libs */,
				51AC1EC51113AC4A007DA5FB /* src */,
			);
			path = ofxOsc;
			sourceTree = "<group>";
		};
		51AC1EAA1113AC4A007DA5FB /* libs */ = {
			isa = PBXGroup;
			children = (
				51AC1EAB1113AC4A007DA5FB /* oscpack */,
			);
			path = libs;
			sourceTree = "<group>";
		};
		51AC1EAB1113AC4A007DA5FB /* oscpack */ = {
			isa = PBXGroup;
			children = (
				51AC1EAC1113AC4A007DA5FB /* include */,
				51AC1EBC1113AC4A007DA5FB /* lib */,
			);
			path = oscpack;
			sourceTree = "<group>";
		};
		51AC1EAC1113AC4A007DA5FB /* include */ = {
			isa = PBXGroup;
			children = (
				51AC1EAD1113AC4A007DA5FB /* ip */,
				51AC1EB31113AC4A007DA5FB /* osc */,
			);
			path = include;
			sourceTree = "<group>";
		};
		51AC1EAD1113AC4A007DA5FB /* ip */ = {
			isa = PBXGroup;
			children = (
				51AC1EAE1113AC4A007DA5FB /* IpEndpointName.h */,
				51AC1EAF1113AC4A007DA5FB /* NetworkingUtils.h */,
				51AC1EB01113AC4A007DA5FB /* PacketListener.h */,
				51AC1EB11113AC4A007DA5FB /* TimerListener.h */,
				51AC1EB21113AC4A007DA5FB /* UdpSocket.h */,
			);
			path = ip;
			sourceTree = "<group>";
		};
		51AC1EB31113AC4A007DA5FB /* osc */ = {
			isa = PBXGroup;
			children = (
				51AC1EB41113AC4A007DA5FB /* MessageMappingOscPacketListener.h */,
				51AC1EB51113AC4A007DA5FB /* OscException.h */,
				51AC1EB61113AC4A007DA5FB /* OscHostEndianness.h */,
				51AC1EB71113AC4A007DA5FB /* OscOutboundPacketStream.h */,
				51AC1EB81113AC4A007DA5FB /* OscPacketListener.h */,
				51AC1EB91113AC4A007DA5FB /* OscPrintReceivedElements.h */,
				51AC1EBA1113AC4A007DA5FB /* OscReceivedElements.h */,
				51AC1EBB1113AC4A007DA5FB /* OscTypes.h */,
			);
			path = osc;
			sourceTree = "<group>";
		};
		51AC1EBC1113AC4A007DA5FB /* lib */ = {
			isa = PBXGroup;
			children = (
				51AC1EBD1113AC4A007DA5FB /* linux */,
				51AC1EBF1113AC4A007DA5FB /* osx */,
				51AC1EC11113AC4A007DA5FB /* win32 */,
			);
			path = lib;
			sourceTree = "<group>";
		};
		51AC1EBD1113AC4A007DA5FB /* linux */ = {
			isa = PBXGroup;
			children = (
				51AC1EBE1113AC4A007DA5FB /* liboscpack.a */,
			);
			path = linux;
			sourceTree = "<group>";
		};
		51AC1EBF1113AC4A007DA5FB /* osx */ = {
			isa = PBXGroup;
			children = (
				51AC1EC01113AC4A007DA5FB /* libOsc.a */,
			);
			path = osx;
			sourceTree = "<group>";
		};
		51AC1EC11113AC4A007DA5FB /* win32 */ = {
			isa = PBXGroup;
			children = (
				51AC1EC21113AC4A007DA5FB /* oscpack.a */,
				51AC1EC31113AC4A007DA5FB /* oscpack.lib */,
				51AC1EC41113AC4A007DA5FB /* oscpackd.lib */,
			);
			path = win32;
			sourceTree = "<group>";
		};
		51AC1EC51113AC4A007DA5FB /* src */ = {
			isa = PBXGroup;
			children = (
				51AC1EC61113AC4A007DA5FB /* ofxOsc.h */,
				51AC1EC71113AC4A007DA5FB /* ofxOscArg.h */,
				51AC1EC81113AC4A007DA5FB /* ofxOscBundle.cpp */,
				51AC1EC91113AC4A007DA5FB /* ofxOscBundle.h */,
				51AC1ECA1113AC4A007DA5FB /* ofxOscMessage.cpp */,
				51AC1ECB1113AC4A007DA5FB /* ofxOscMessage.h */,
				51AC1ECC1113AC4A007DA5FB /* ofxOscReceiver.cpp */,
				51AC1ECD1113AC4A007DA5FB /* ofxOscReceiver.h */,
				51AC1ECE1113AC4A007DA5FB /* ofxOscSender.cpp */,
				51AC1ECF1113AC4A007DA5FB /* ofxOscSender.h */,
			);
			path = src;
			sourceTree = "<group>";
		};
		E45BE0360E8CC5DE009D7055 /* libs */ = {
			isa = PBXGroup;
			children = (
				E45BEED60E8CCB34009D7055 /* core */,
			);
			name = libs;
			sourceTree = "<group>";
		};
		E45BE0370E8CC647009D7055 /* freeimage */ = {
			isa = PBXGroup;
			children = (
				E4C246D810CCAE22004149E2 /* osx */,
				E45BE0380E8CC647009D7055 /* include */,
			);
			name = freeimage;
			path = ../../../libs/freeimage;
			sourceTree = SOURCE_ROOT;
		};
		E45BE0380E8CC647009D7055 /* include */ = {
			isa = PBXGroup;
			children = (
				E45BE0390E8CC647009D7055 /* FreeImage.h */,
			);
			name = include;
			path = ../../../libs/freeimage/include;
			sourceTree = SOURCE_ROOT;
		};
		E45BE03D0E8CC650009D7055 /* fmodex */ = {
			isa = PBXGroup;
			children = (
				E45BE03E0E8CC650009D7055 /* inc */,
				E4C2428E10CC5C18004149E2 /* osx */,
			);
			name = fmodex;
			path = ../../../libs/fmodex;
			sourceTree = SOURCE_ROOT;
		};
		E45BE03E0E8CC650009D7055 /* inc */ = {
			isa = PBXGroup;
			children = (
				E45BE03F0E8CC650009D7055 /* fmod.h */,
				E45BE0400E8CC650009D7055 /* fmod.hpp */,
				E45BE0410E8CC650009D7055 /* fmod_codec.h */,
				E45BE0420E8CC650009D7055 /* fmod_dsp.h */,
				E45BE0430E8CC650009D7055 /* fmod_errors.h */,
				E45BE0440E8CC650009D7055 /* fmod_output.h */,
			);
			name = inc;
			path = ../../../libs/fmodex/include;
			sourceTree = SOURCE_ROOT;
		};
		E45BE0480E8CC657009D7055 /* core libraries */ = {
			isa = PBXGroup;
			children = (
				E4C2425B10CC5A78004149E2 /* glut */,
				E45BEC7B0E8CC911009D7055 /* poco */,
				E45BE2D50E8CC69C009D7055 /* rtAudio */,
				E45BE0A50E8CC67C009D7055 /* GLee */,
				E45BE0490E8CC676009D7055 /* freetype */,
				E45BE03D0E8CC650009D7055 /* fmodex */,
				E45BE0370E8CC647009D7055 /* freeimage */,
			);
			name = "core libraries";
			sourceTree = "<group>";
		};
		E45BE0490E8CC676009D7055 /* freetype */ = {
			isa = PBXGroup;
			children = (
				E4C2429210CC5C38004149E2 /* osx */,
			);
			name = freetype;
			path = ../../../libs/freetype;
			sourceTree = SOURCE_ROOT;
		};
		E45BE0A50E8CC67C009D7055 /* GLee */ = {
			isa = PBXGroup;
			children = (
				E45BE0A60E8CC67C009D7055 /* include */,
				E45BE0A80E8CC67C009D7055 /* lib */,
			);
			name = GLee;
			path = ../../../libs/GLee;
			sourceTree = SOURCE_ROOT;
		};
		E45BE0A60E8CC67C009D7055 /* include */ = {
			isa = PBXGroup;
			children = (
				E45BE0A70E8CC67C009D7055 /* GLee.h */,
			);
			name = include;
			path = ../../../libs/GLee/include;
			sourceTree = SOURCE_ROOT;
		};
		E45BE0A80E8CC67C009D7055 /* lib */ = {
			isa = PBXGroup;
			children = (
				E45BE0A90E8CC67C009D7055 /* GLee.a */,
			);
			name = lib;
			path = ../../../libs/GLee/lib/osx;
			sourceTree = SOURCE_ROOT;
		};
		E45BE2D50E8CC69C009D7055 /* rtAudio */ = {
			isa = PBXGroup;
			children = (
				E45BE2D60E8CC69C009D7055 /* include */,
				E45BE2E20E8CC69C009D7055 /* lib */,
			);
			name = rtAudio;
			path = ../../../libs/rtAudio;
			sourceTree = SOURCE_ROOT;
		};
		E45BE2D60E8CC69C009D7055 /* include */ = {
			isa = PBXGroup;
			children = (
				E45BE2D70E8CC69C009D7055 /* asio */,
				E45BE2E00E8CC69C009D7055 /* RtAudio.h */,
				E45BE2E10E8CC69C009D7055 /* RtError.h */,
			);
			name = include;
			path = ../../../libs/rtAudio/include;
			sourceTree = SOURCE_ROOT;
		};
		E45BE2D70E8CC69C009D7055 /* asio */ = {
			isa = PBXGroup;
			children = (
			);
			name = asio;
			path = ../../../libs/rtAudio/include/asio;
			sourceTree = SOURCE_ROOT;
		};
		E45BE2E20E8CC69C009D7055 /* lib */ = {
			isa = PBXGroup;
			children = (
				E45BE2E30E8CC69C009D7055 /* rtAudio.a */,
			);
			name = lib;
			path = ../../../libs/rtAudio/lib/osx;
			sourceTree = SOURCE_ROOT;
		};
		E45BE5980E8CC70C009D7055 /* core frameworks */ = {
			isa = PBXGroup;
			children = (
				E4C2424410CC5A17004149E2 /* AppKit.framework */,
				E4C2424510CC5A17004149E2 /* Cocoa.framework */,
				E4C2424610CC5A17004149E2 /* IOKit.framework */,
				E45BE9710E8CC7DD009D7055 /* AGL.framework */,
				E45BE9720E8CC7DD009D7055 /* ApplicationServices.framework */,
				E45BE9730E8CC7DD009D7055 /* AudioToolbox.framework */,
				E45BE9740E8CC7DD009D7055 /* Carbon.framework */,
				E45BE9750E8CC7DD009D7055 /* CoreAudio.framework */,
				E45BE9760E8CC7DD009D7055 /* CoreFoundation.framework */,
				E45BE9770E8CC7DD009D7055 /* CoreServices.framework */,
				E45BE9790E8CC7DD009D7055 /* OpenGL.framework */,
				E45BE97A0E8CC7DD009D7055 /* QuickTime.framework */,
			);
			name = "core frameworks";
			sourceTree = "<group>";
		};
		E45BEC7B0E8CC911009D7055 /* poco */ = {
			isa = PBXGroup;
			children = (
				E4C2427910CC5B66004149E2 /* osx */,
			);
			name = poco;
			path = ../../../libs/poco;
			sourceTree = SOURCE_ROOT;
		};
		E45BEED60E8CCB34009D7055 /* core */ = {
			isa = PBXGroup;
			children = (
				E45BE0480E8CC657009D7055 /* core libraries */,
				E45BE5980E8CC70C009D7055 /* core frameworks */,
			);
			name = core;
			sourceTree = "<group>";
		};
		E4B69B4A0A3A1720003C02F2 = {
			isa = PBXGroup;
			children = (
				5151EB87111F4ACB00207260 /* ofxXmlSettings */,
				5151EB1A111F4A4000207260 /* ofxArgos */,
				5151EB4C111F4A4100207260 /* ofxArgosUI */,
				5151EB69111F4A4100207260 /* ofxTouchAPI */,
				51AC1E9D1113AC49007DA5FB /* ofxOsc */,
				51AC1E8A1113AC32007DA5FB /* ofxTuio */,
				E4B6FCAD0C3E899E008CF71C /* openFrameworks-Info.plist */,
				E4C2422310CC54B6004149E2 /* openFrameworks */,
				E45BE0360E8CC5DE009D7055 /* libs */,
				5151EB7F111F4A8A00207260 /* argos.app */,
			);
			sourceTree = "<group>";
		};
		E4C2421710CC549C004149E2 /* Products */ = {
			isa = PBXGroup;
			children = (
				E4C2421E10CC549C004149E2 /* openFrameworksDebug.a */,
			);
			name = Products;
			sourceTree = "<group>";
		};
		E4C2422310CC54B6004149E2 /* openFrameworks */ = {
			isa = PBXGroup;
			children = (
				E4C2421610CC549C004149E2 /* openFrameworksLib.xcodeproj */,
			);
			name = openFrameworks;
			sourceTree = "<group>";
		};
		E4C2425B10CC5A78004149E2 /* glut */ = {
			isa = PBXGroup;
			children = (
				E4C2425D10CC5A78004149E2 /* lib */,
			);
			name = glut;
			path = ../../../libs/glut;
			sourceTree = SOURCE_ROOT;
		};
		E4C2425D10CC5A78004149E2 /* lib */ = {
			isa = PBXGroup;
			children = (
				E4C2425E10CC5A78004149E2 /* osx */,
			);
			name = lib;
			path = ../../../libs/glut/lib;
			sourceTree = SOURCE_ROOT;
		};
		E4C2425E10CC5A78004149E2 /* osx */ = {
			isa = PBXGroup;
			children = (
				E4C2425F10CC5A78004149E2 /* GLUT.framework */,
			);
			name = osx;
			path = ../../../libs/glut/lib/osx;
			sourceTree = SOURCE_ROOT;
		};
		E4C2427910CC5B66004149E2 /* osx */ = {
			isa = PBXGroup;
			children = (
				E4C2427A10CC5B66004149E2 /* CppUnit.a */,
				E4C2427B10CC5B66004149E2 /* PocoFoundation.a */,
				E4C2427C10CC5B66004149E2 /* PocoNet.a */,
				E4C2427D10CC5B66004149E2 /* PocoUtil.a */,
				E4C2427E10CC5B66004149E2 /* PocoXML.a */,
			);
			name = osx;
			path = ../../../libs/poco/lib/osx;
			sourceTree = SOURCE_ROOT;
		};
		E4C2428E10CC5C18004149E2 /* osx */ = {
			isa = PBXGroup;
			children = (
				E4C242CC10CC650E004149E2 /* libfmodex.dylib */,
			);
			name = osx;
			path = ../../../libs/fmodex/lib/osx;
			sourceTree = SOURCE_ROOT;
		};
		E4C2429210CC5C38004149E2 /* osx */ = {
			isa = PBXGroup;
			children = (
				E4C2429310CC5C38004149E2 /* freetype.a */,
			);
			name = osx;
			path = ../../../libs/freetype/lib/osx;
			sourceTree = SOURCE_ROOT;
		};
		E4C246D810CCAE22004149E2 /* osx */ = {
			isa = PBXGroup;
			children = (
				E4C246D910CCAE22004149E2 /* freeimage.a */,
			);
			name = osx;
			path = ../../../libs/FreeImage/lib/osx;
			sourceTree = SOURCE_ROOT;
		};
/* End PBXGroup section */

/* Begin PBXNativeTarget section */
		E4B69B5A0A3A1756003C02F2 /* argos */ = {
			isa = PBXNativeTarget;
			buildConfigurationList = E4B69B5F0A3A1757003C02F2 /* Build configuration list for PBXNativeTarget "argos" */;
			buildPhases = (
				E4B69B580A3A1756003C02F2 /* Sources */,
				E4B69B590A3A1756003C02F2 /* Frameworks */,
				E4B6FFFD0C3F9AB9008CF71C /* ShellScript */,
				E4C2427710CC5ABF004149E2 /* CopyFiles */,
				E4C2444710CC769B004149E2 /* CopyFiles */,
			);
			buildRules = (
			);
			dependencies = (
				E4C2422810CC54DA004149E2 /* PBXTargetDependency */,
			);
			name = argos;
			productName = myOFApp;
			productReference = 5151EB7F111F4A8A00207260 /* argos.app */;
			productType = "com.apple.product-type.application";
		};
/* End PBXNativeTarget section */

/* Begin PBXProject section */
		E4B69B4C0A3A1720003C02F2 /* Project object */ = {
			isa = PBXProject;
			buildConfigurationList = E4B69B4D0A3A1720003C02F2 /* Build configuration list for PBXProject "argos" */;
			compatibilityVersion = "Xcode 2.4";
			hasScannedForEncodings = 0;
			mainGroup = E4B69B4A0A3A1720003C02F2;
			productRefGroup = E4B69B4A0A3A1720003C02F2;
			projectDirPath = "";
			projectReferences = (
				{
					ProductGroup = E4C2421710CC549C004149E2 /* Products */;
					ProjectRef = E4C2421610CC549C004149E2 /* openFrameworksLib.xcodeproj */;
				},
			);
			projectRoot = "";
			targets = (
				E4B69B5A0A3A1756003C02F2 /* argos */,
			);
		};
/* End PBXProject section */

/* Begin PBXReferenceProxy section */
		E4C2421E10CC549C004149E2 /* openFrameworksDebug.a */ = {
			isa = PBXReferenceProxy;
			fileType = archive.ar;
			path = openFrameworksDebug.a;
			remoteRef = E4C2421D10CC549C004149E2 /* PBXContainerItemProxy */;
			sourceTree = BUILT_PRODUCTS_DIR;
		};
/* End PBXReferenceProxy section */

/* Begin PBXShellScriptBuildPhase section */
		E4B6FFFD0C3F9AB9008CF71C /* ShellScript */ = {
			isa = PBXShellScriptBuildPhase;
			buildActionMask = 2147483647;
			files = (
			);
			inputPaths = (
			);
			outputPaths = (
			);
			runOnlyForDeploymentPostprocessing = 0;
			shellPath = /bin/sh;
			shellScript = "cp -f ../../../libs/fmodex/lib/osx/libfmodex.dylib \"$TARGET_BUILD_DIR/$PRODUCT_NAME.app/Contents/MacOS/libfmodex.dylib\"\ninstall_name_tool -change ./libfmodex.dylib @executable_path/libfmodex.dylib \"$TARGET_BUILD_DIR/$PRODUCT_NAME.app/Contents/MacOS/$PRODUCT_NAME\" ";
		};
/* End PBXShellScriptBuildPhase section */

/* Begin PBXSourcesBuildPhase section */
		E4B69B580A3A1756003C02F2 /* Sources */ = {
			isa = PBXSourcesBuildPhase;
			buildActionMask = 2147483647;
			files = (
				51AC1ED91113AC4A007DA5FB /* ofxOscBundle.cpp in Sources */,
				51AC1EDA1113AC4A007DA5FB /* ofxOscMessage.cpp in Sources */,
				51AC1EDB1113AC4A007DA5FB /* ofxOscReceiver.cpp in Sources */,
				51AC1EDC1113AC4A007DA5FB /* ofxOscSender.cpp in Sources */,
				5151EB70111F4A4100207260 /* Argos.cpp in Sources */,
				5151EB71111F4A4100207260 /* main.cpp in Sources */,
				5151EB72111F4A4100207260 /* OSCHandler.cpp in Sources */,
				5151EB73111F4A4100207260 /* BrowserCore.cpp in Sources */,
				5151EB74111F4A4100207260 /* EditorActions.cpp in Sources */,
				5151EB75111F4A4100207260 /* EditorCore.cpp in Sources */,
				5151EB76111F4A4100207260 /* StateManager.cpp in Sources */,
				5151EB77111F4A4100207260 /* StaticFont.cpp in Sources */,
				5151EB78111F4A4100207260 /* ofxArgosUI.cpp in Sources */,
				5151EB79111F4A4100207260 /* ofxArgosUI_Control.cpp in Sources */,
				5151EB7A111F4A4100207260 /* ofxArgosUI_Focus.cpp in Sources */,
				5151EB7B111F4A4100207260 /* ofxArgosUI_Parameter.cpp in Sources */,
				5151EB7C111F4A4100207260 /* ofxArgosUI_View.cpp in Sources */,
				5151EB7D111F4A4100207260 /* ofxTouchAPI.cpp in Sources */,
				5151EB7E111F4A4100207260 /* ofxTouchAPI_IO.cpp in Sources */,
				5151EB94111F4ACB00207260 /* tinyxml.cpp in Sources */,
				5151EB95111F4ACB00207260 /* tinyxmlerror.cpp in Sources */,
				5151EB96111F4ACB00207260 /* tinyxmlparser.cpp in Sources */,
				5151EB97111F4ACB00207260 /* ofxXmlSettings.cpp in Sources */,
			);
			runOnlyForDeploymentPostprocessing = 0;
		};
/* End PBXSourcesBuildPhase section */

/* Begin PBXTargetDependency section */
		E4C2422810CC54DA004149E2 /* PBXTargetDependency */ = {
			isa = PBXTargetDependency;
			name = openFrameworks;
			targetProxy = E4C2422710CC54DA004149E2 /* PBXContainerItemProxy */;
		};
/* End PBXTargetDependency section */

/* Begin XCBuildConfiguration section */
		E4B27CA010CBF8A600536013 /* ReleaseUniversal */ = {
			isa = XCBuildConfiguration;
			buildSettings = {
				ARCHS = (
					ppc,
					i386,
				);
				CONFIGURATION_BUILD_DIR = "$(SRCROOT)/bin/";
				COPY_PHASE_STRIP = YES;
				DEAD_CODE_STRIPPING = YES;
				GCC_AUTO_VECTORIZATION = YES;
				GCC_ENABLE_SSE3_EXTENSIONS = YES;
				GCC_ENABLE_SUPPLEMENTAL_SSE3_INSTRUCTIONS = YES;
				GCC_INLINES_ARE_PRIVATE_EXTERN = NO;
				GCC_MODEL_TUNING = G5;
				GCC_OPTIMIZATION_LEVEL = 3;
				GCC_SYMBOLS_PRIVATE_EXTERN = NO;
				GCC_UNROLL_LOOPS = YES;
				GCC_WARN_ABOUT_DEPRECATED_FUNCTIONS = NO;
				GCC_WARN_ABOUT_INVALID_OFFSETOF_MACRO = NO;
				GCC_WARN_ALLOW_INCOMPLETE_PROTOCOL = NO;
				GCC_WARN_UNINITIALIZED_AUTOS = NO;
				GCC_WARN_UNUSED_VALUE = NO;
				GCC_WARN_UNUSED_VARIABLE = NO;
				HEADER_SEARCH_PATHS = (
					"../../../libs/openFrameworks/**",
					../../../libs/freetype/include/,
					../../../libs/freetype/include/freetype2,
					../../../libs/poco/include,
				);
				OTHER_CPLUSPLUSFLAGS = (
					"-D__MACOSX_CORE__",
					"-lpthread",
				);
				OTHER_LDFLAGS = "";
				SDKROOT = /Developer/SDKs/MacOSX10.4u.sdk;
			};
			name = ReleaseUniversal;
		};
		E4B27CA110CBF8A600536013 /* ReleaseUniversal */ = {
			isa = XCBuildConfiguration;
			buildSettings = {
				COPY_PHASE_STRIP = YES;
				FRAMEWORK_SEARCH_PATHS = (
					"$(inherited)",
					"$(FRAMEWORK_SEARCH_PATHS_QUOTED_FOR_TARGET_1)",
				);
				FRAMEWORK_SEARCH_PATHS_QUOTED_FOR_TARGET_1 = "\"$(SRCROOT)/../../../libs/glut/lib/osx\"";
				GCC_ENABLE_FIX_AND_CONTINUE = NO;
				GCC_GENERATE_DEBUGGING_SYMBOLS = NO;
				GCC_MODEL_TUNING = G4;
				GCC_PRECOMPILE_PREFIX_HEADER = YES;
				GCC_PREFIX_HEADER = "$(SYSTEM_LIBRARY_DIR)/Frameworks/Carbon.framework/Headers/Carbon.h";
				INFOPLIST_FILE = "openFrameworks-Info.plist";
				INSTALL_PATH = "$(HOME)/Applications";
				LIBRARY_SEARCH_PATHS = (
					"$(inherited)",
					"$(LIBRARY_SEARCH_PATHS_QUOTED_FOR_TARGET_1)",
					"$(LIBRARY_SEARCH_PATHS_QUOTED_FOR_TARGET_2)",
					"$(LIBRARY_SEARCH_PATHS_QUOTED_FOR_TARGET_3)",
					"$(LIBRARY_SEARCH_PATHS_QUOTED_FOR_TARGET_4)",
					"$(LIBRARY_SEARCH_PATHS_QUOTED_FOR_TARGET_5)",
					"$(LIBRARY_SEARCH_PATHS_QUOTED_FOR_TARGET_6)",
					"$(LIBRARY_SEARCH_PATHS_QUOTED_FOR_TARGET_7)",
					"$(LIBRARY_SEARCH_PATHS_QUOTED_FOR_TARGET_8)",
					"$(LIBRARY_SEARCH_PATHS_QUOTED_FOR_TARGET_9)",
					"$(LIBRARY_SEARCH_PATHS_QUOTED_FOR_TARGET_10)",
					"$(LIBRARY_SEARCH_PATHS_QUOTED_FOR_TARGET_11)",
					"$(LIBRARY_SEARCH_PATHS_QUOTED_FOR_TARGET_12)",
					"$(LIBRARY_SEARCH_PATHS_QUOTED_FOR_TARGET_13)",
					"$(LIBRARY_SEARCH_PATHS_QUOTED_FOR_TARGET_14)",
					"$(LIBRARY_SEARCH_PATHS_QUOTED_FOR_TARGET_15)",
					"$(LIBRARY_SEARCH_PATHS_QUOTED_FOR_TARGET_2)",
					"$(LIBRARY_SEARCH_PATHS_QUOTED_1)",
					"$(LIBRARY_SEARCH_PATHS_QUOTED_2)",
					"$(LIBRARY_SEARCH_PATHS_QUOTED_3)",
				);
				LIBRARY_SEARCH_PATHS_QUOTED_1 = "\"$(SRCROOT)/ofxOsc/libs/oscpack/lib/linux\"";
				LIBRARY_SEARCH_PATHS_QUOTED_2 = "\"$(SRCROOT)/ofxOsc/libs/oscpack/lib/osx\"";
				LIBRARY_SEARCH_PATHS_QUOTED_3 = "\"$(SRCROOT)/ofxOsc/libs/oscpack/lib/win32\"";
				LIBRARY_SEARCH_PATHS_QUOTED_FOR_TARGET_1 = "\"$(SRCROOT)/../../../libs/freeimage/lib/osx\"";
				LIBRARY_SEARCH_PATHS_QUOTED_FOR_TARGET_14 = "\"$(SRCROOT)/../../../libs/fmodex/lib/osx\"";
				LIBRARY_SEARCH_PATHS_QUOTED_FOR_TARGET_15 = "\"$(SRCROOT)/../../../libs/freetype/lib/osx\"";
				LIBRARY_SEARCH_PATHS_QUOTED_FOR_TARGET_2 = "\"$(SRCROOT)/../../../libs/FreeImage/lib/osx\"";
				LIBRARY_SEARCH_PATHS_QUOTED_FOR_TARGET_4 = "\"$(SRCROOT)/../../../libs/GLee/lib/osx\"";
				LIBRARY_SEARCH_PATHS_QUOTED_FOR_TARGET_5 = "\"$(SRCROOT)/../../../libs/poco/lib/osx\"";
				LIBRARY_SEARCH_PATHS_QUOTED_FOR_TARGET_6 = "\"$(SRCROOT)/../../../libs/rtAudio/lib/osx\"";
				PREBINDING = NO;
				PRODUCT_NAME = "$(TARGET_NAME)Universal";
				WRAPPER_EXTENSION = app;
				ZERO_LINK = NO;
			};
			name = ReleaseUniversal;
		};
		E4B69B4E0A3A1720003C02F2 /* Debug */ = {
			isa = XCBuildConfiguration;
			buildSettings = {
				ARCHS = "$(NATIVE_ARCH)";
				CONFIGURATION_BUILD_DIR = "$(SRCROOT)/bin/";
				COPY_PHASE_STRIP = NO;
				DEAD_CODE_STRIPPING = YES;
				GCC_AUTO_VECTORIZATION = YES;
				GCC_ENABLE_SSE3_EXTENSIONS = YES;
				GCC_ENABLE_SUPPLEMENTAL_SSE3_INSTRUCTIONS = YES;
				GCC_INLINES_ARE_PRIVATE_EXTERN = NO;
				GCC_MODEL_TUNING = G5;
				GCC_SYMBOLS_PRIVATE_EXTERN = NO;
				GCC_WARN_ABOUT_DEPRECATED_FUNCTIONS = NO;
				GCC_WARN_ABOUT_INVALID_OFFSETOF_MACRO = NO;
				GCC_WARN_ALLOW_INCOMPLETE_PROTOCOL = NO;
				GCC_WARN_UNINITIALIZED_AUTOS = NO;
				GCC_WARN_UNUSED_VALUE = NO;
				GCC_WARN_UNUSED_VARIABLE = NO;
				HEADER_SEARCH_PATHS = (
					"../../../libs/openFrameworks/**",
					../../../libs/freetype/include/,
					../../../libs/freetype/include/freetype2,
					../../../libs/poco/include,
				);
				OTHER_CPLUSPLUSFLAGS = (
					"-D__MACOSX_CORE__",
					"-lpthread",
				);
				OTHER_LDFLAGS = "";
				SDKROOT = /Developer/SDKs/MacOSX10.4u.sdk;
			};
			name = Debug;
		};
		E4B69B4F0A3A1720003C02F2 /* Release */ = {
			isa = XCBuildConfiguration;
			buildSettings = {
				ARCHS = "$(NATIVE_ARCH)";
				CONFIGURATION_BUILD_DIR = "$(SRCROOT)/bin/";
				COPY_PHASE_STRIP = YES;
				DEAD_CODE_STRIPPING = YES;
				GCC_AUTO_VECTORIZATION = YES;
				GCC_ENABLE_SSE3_EXTENSIONS = YES;
				GCC_ENABLE_SUPPLEMENTAL_SSE3_INSTRUCTIONS = YES;
				GCC_INLINES_ARE_PRIVATE_EXTERN = NO;
				GCC_MODEL_TUNING = G5;
				GCC_OPTIMIZATION_LEVEL = 3;
				GCC_SYMBOLS_PRIVATE_EXTERN = NO;
				GCC_UNROLL_LOOPS = YES;
				GCC_WARN_ABOUT_DEPRECATED_FUNCTIONS = NO;
				GCC_WARN_ABOUT_INVALID_OFFSETOF_MACRO = NO;
				GCC_WARN_ALLOW_INCOMPLETE_PROTOCOL = NO;
				GCC_WARN_UNINITIALIZED_AUTOS = NO;
				GCC_WARN_UNUSED_VALUE = NO;
				GCC_WARN_UNUSED_VARIABLE = NO;
				HEADER_SEARCH_PATHS = (
					"../../../libs/openFrameworks/**",
					../../../libs/freetype/include/,
					../../../libs/freetype/include/freetype2,
					../../../libs/poco/include,
				);
				OTHER_CPLUSPLUSFLAGS = (
					"-D__MACOSX_CORE__",
					"-lpthread",
				);
				OTHER_LDFLAGS = "";
				SDKROOT = /Developer/SDKs/MacOSX10.4u.sdk;
			};
			name = Release;
		};
		E4B69B600A3A1757003C02F2 /* Debug */ = {
			isa = XCBuildConfiguration;
			buildSettings = {
				COPY_PHASE_STRIP = NO;
				FRAMEWORK_SEARCH_PATHS = (
					"$(inherited)",
					"$(FRAMEWORK_SEARCH_PATHS_QUOTED_FOR_TARGET_1)",
				);
				FRAMEWORK_SEARCH_PATHS_QUOTED_FOR_TARGET_1 = "\"$(SRCROOT)/../../../libs/glut/lib/osx\"";
				GCC_DYNAMIC_NO_PIC = NO;
				GCC_ENABLE_FIX_AND_CONTINUE = YES;
				GCC_GENERATE_DEBUGGING_SYMBOLS = YES;
				GCC_MODEL_TUNING = G4;
				GCC_OPTIMIZATION_LEVEL = 0;
				GCC_PRECOMPILE_PREFIX_HEADER = YES;
				GCC_PREFIX_HEADER = "$(SYSTEM_LIBRARY_DIR)/Frameworks/Carbon.framework/Headers/Carbon.h";
				INFOPLIST_FILE = "openFrameworks-Info.plist";
				INSTALL_PATH = "$(HOME)/Applications";
				LIBRARY_SEARCH_PATHS = (
					"$(inherited)",
					"$(LIBRARY_SEARCH_PATHS_QUOTED_FOR_TARGET_1)",
					"$(LIBRARY_SEARCH_PATHS_QUOTED_FOR_TARGET_2)",
					"$(LIBRARY_SEARCH_PATHS_QUOTED_FOR_TARGET_3)",
					"$(LIBRARY_SEARCH_PATHS_QUOTED_FOR_TARGET_4)",
					"$(LIBRARY_SEARCH_PATHS_QUOTED_FOR_TARGET_5)",
					"$(LIBRARY_SEARCH_PATHS_QUOTED_FOR_TARGET_6)",
					"$(LIBRARY_SEARCH_PATHS_QUOTED_FOR_TARGET_7)",
					"$(LIBRARY_SEARCH_PATHS_QUOTED_FOR_TARGET_8)",
					"$(LIBRARY_SEARCH_PATHS_QUOTED_FOR_TARGET_9)",
					"$(LIBRARY_SEARCH_PATHS_QUOTED_FOR_TARGET_10)",
					"$(LIBRARY_SEARCH_PATHS_QUOTED_FOR_TARGET_11)",
					"$(LIBRARY_SEARCH_PATHS_QUOTED_FOR_TARGET_12)",
					"$(LIBRARY_SEARCH_PATHS_QUOTED_FOR_TARGET_13)",
					"$(LIBRARY_SEARCH_PATHS_QUOTED_FOR_TARGET_14)",
					"$(LIBRARY_SEARCH_PATHS_QUOTED_FOR_TARGET_15)",
					"$(LIBRARY_SEARCH_PATHS_QUOTED_FOR_TARGET_2)",
					"$(LIBRARY_SEARCH_PATHS_QUOTED_FOR_TARGET_3)",
					"$(LIBRARY_SEARCH_PATHS_QUOTED_FOR_TARGET_7)",
					"$(LIBRARY_SEARCH_PATHS_QUOTED_FOR_TARGET_8)",
				);
				LIBRARY_SEARCH_PATHS_QUOTED_FOR_TARGET_1 = "\"$(SRCROOT)/../../../libs/freeimage/lib/osx\"";
				LIBRARY_SEARCH_PATHS_QUOTED_FOR_TARGET_14 = "\"$(SRCROOT)/../../../libs/fmodex/lib/osx\"";
				LIBRARY_SEARCH_PATHS_QUOTED_FOR_TARGET_15 = "\"$(SRCROOT)/../../../libs/freetype/lib/osx\"";
				LIBRARY_SEARCH_PATHS_QUOTED_FOR_TARGET_2 = "\"$(SRCROOT)/../../../libs/FreeImage/lib/osx\"";
				LIBRARY_SEARCH_PATHS_QUOTED_FOR_TARGET_3 = "\"$(SRCROOT)/ofxOsc/libs/oscpack/lib/linux\"";
				LIBRARY_SEARCH_PATHS_QUOTED_FOR_TARGET_4 = "\"$(SRCROOT)/../../../libs/GLee/lib/osx\"";
				LIBRARY_SEARCH_PATHS_QUOTED_FOR_TARGET_5 = "\"$(SRCROOT)/../../../libs/poco/lib/osx\"";
				LIBRARY_SEARCH_PATHS_QUOTED_FOR_TARGET_6 = "\"$(SRCROOT)/../../../libs/rtAudio/lib/osx\"";
				LIBRARY_SEARCH_PATHS_QUOTED_FOR_TARGET_7 = "\"$(SRCROOT)/ofxOsc/libs/oscpack/lib/osx\"";
				LIBRARY_SEARCH_PATHS_QUOTED_FOR_TARGET_8 = "\"$(SRCROOT)/ofxOsc/libs/oscpack/lib/win32\"";
				PREBINDING = NO;
				PRODUCT_NAME = "$(TARGET_NAME)Debug";
				WRAPPER_EXTENSION = app;
				ZERO_LINK = NO;
			};
			name = Debug;
		};
		E4B69B610A3A1757003C02F2 /* Release */ = {
			isa = XCBuildConfiguration;
			buildSettings = {
				COPY_PHASE_STRIP = YES;
				FRAMEWORK_SEARCH_PATHS = (
					"$(inherited)",
					"$(FRAMEWORK_SEARCH_PATHS_QUOTED_FOR_TARGET_1)",
				);
				FRAMEWORK_SEARCH_PATHS_QUOTED_FOR_TARGET_1 = "\"$(SRCROOT)/../../../libs/glut/lib/osx\"";
				GCC_ENABLE_FIX_AND_CONTINUE = NO;
				GCC_GENERATE_DEBUGGING_SYMBOLS = NO;
				GCC_MODEL_TUNING = G4;
				GCC_PRECOMPILE_PREFIX_HEADER = YES;
				GCC_PREFIX_HEADER = "$(SYSTEM_LIBRARY_DIR)/Frameworks/Carbon.framework/Headers/Carbon.h";
				INFOPLIST_FILE = "openFrameworks-Info.plist";
				INSTALL_PATH = "$(HOME)/Applications";
				LIBRARY_SEARCH_PATHS = (
					"$(inherited)",
					"$(LIBRARY_SEARCH_PATHS_QUOTED_FOR_TARGET_1)",
					"$(LIBRARY_SEARCH_PATHS_QUOTED_FOR_TARGET_2)",
					"$(LIBRARY_SEARCH_PATHS_QUOTED_FOR_TARGET_3)",
					"$(LIBRARY_SEARCH_PATHS_QUOTED_FOR_TARGET_4)",
					"$(LIBRARY_SEARCH_PATHS_QUOTED_FOR_TARGET_5)",
					"$(LIBRARY_SEARCH_PATHS_QUOTED_FOR_TARGET_6)",
					"$(LIBRARY_SEARCH_PATHS_QUOTED_FOR_TARGET_7)",
					"$(LIBRARY_SEARCH_PATHS_QUOTED_FOR_TARGET_8)",
					"$(LIBRARY_SEARCH_PATHS_QUOTED_FOR_TARGET_9)",
					"$(LIBRARY_SEARCH_PATHS_QUOTED_FOR_TARGET_10)",
					"$(LIBRARY_SEARCH_PATHS_QUOTED_FOR_TARGET_11)",
					"$(LIBRARY_SEARCH_PATHS_QUOTED_FOR_TARGET_12)",
					"$(LIBRARY_SEARCH_PATHS_QUOTED_FOR_TARGET_13)",
					"$(LIBRARY_SEARCH_PATHS_QUOTED_FOR_TARGET_14)",
					"$(LIBRARY_SEARCH_PATHS_QUOTED_FOR_TARGET_15)",
					"$(LIBRARY_SEARCH_PATHS_QUOTED_FOR_TARGET_2)",
					"$(LIBRARY_SEARCH_PATHS_QUOTED_FOR_TARGET_3)",
					"$(LIBRARY_SEARCH_PATHS_QUOTED_FOR_TARGET_7)",
					"$(LIBRARY_SEARCH_PATHS_QUOTED_FOR_TARGET_8)",
				);
				LIBRARY_SEARCH_PATHS_QUOTED_FOR_TARGET_1 = "\"$(SRCROOT)/../../../libs/freeimage/lib/osx\"";
				LIBRARY_SEARCH_PATHS_QUOTED_FOR_TARGET_14 = "\"$(SRCROOT)/../../../libs/fmodex/lib/osx\"";
				LIBRARY_SEARCH_PATHS_QUOTED_FOR_TARGET_15 = "\"$(SRCROOT)/../../../libs/freetype/lib/osx\"";
				LIBRARY_SEARCH_PATHS_QUOTED_FOR_TARGET_2 = "\"$(SRCROOT)/../../../libs/FreeImage/lib/osx\"";
				LIBRARY_SEARCH_PATHS_QUOTED_FOR_TARGET_3 = "\"$(SRCROOT)/ofxOsc/libs/oscpack/lib/linux\"";
				LIBRARY_SEARCH_PATHS_QUOTED_FOR_TARGET_4 = "\"$(SRCROOT)/../../../libs/GLee/lib/osx\"";
				LIBRARY_SEARCH_PATHS_QUOTED_FOR_TARGET_5 = "\"$(SRCROOT)/../../../libs/poco/lib/osx\"";
				LIBRARY_SEARCH_PATHS_QUOTED_FOR_TARGET_6 = "\"$(SRCROOT)/../../../libs/rtAudio/lib/osx\"";
				LIBRARY_SEARCH_PATHS_QUOTED_FOR_TARGET_7 = "\"$(SRCROOT)/ofxOsc/libs/oscpack/lib/osx\"";
				LIBRARY_SEARCH_PATHS_QUOTED_FOR_TARGET_8 = "\"$(SRCROOT)/ofxOsc/libs/oscpack/lib/win32\"";
				PREBINDING = NO;
				PRODUCT_NAME = "$(TARGET_NAME)";
				WRAPPER_EXTENSION = app;
				ZERO_LINK = NO;
			};
			name = Release;
		};
/* End XCBuildConfiguration section */

/* Begin XCConfigurationList section */
		E4B69B4D0A3A1720003C02F2 /* Build configuration list for PBXProject "argos" */ = {
			isa = XCConfigurationList;
			buildConfigurations = (
				E4B69B4E0A3A1720003C02F2 /* Debug */,
				E4B69B4F0A3A1720003C02F2 /* Release */,
				E4B27CA010CBF8A600536013 /* ReleaseUniversal */,
			);
			defaultConfigurationIsVisible = 0;
			defaultConfigurationName = Release;
		};
		E4B69B5F0A3A1757003C02F2 /* Build configuration list for PBXNativeTarget "argos" */ = {
			isa = XCConfigurationList;
			buildConfigurations = (
				E4B69B600A3A1757003C02F2 /* Debug */,
				E4B69B610A3A1757003C02F2 /* Release */,
				E4B27CA110CBF8A600536013 /* ReleaseUniversal */,
			);
			defaultConfigurationIsVisible = 0;
			defaultConfigurationName = Release;
		};
/* End XCConfigurationList section */
	};
	rootObject = E4B69B4C0A3A1720003C02F2 /* Project object */;
}
